
Microsoft Visual Studio Solution File, Format Version 12.00
# Visual Studio Version 16
VisualStudioVersion = 16.0.30011.22
MinimumVisualStudioVersion = 10.0.40219.1
Project("{9A19103F-16F7-4668-BE54-9A1E7A4F7556}") = "Platformer2D", "Platformer2D\Platforms\WindowsGL\Platformer2D.csproj", "{CAF988BD-5440-405D-95D5-BCAB25FC5240}"
EndProject
Project("{9A19103F-16F7-4668-BE54-9A1E7A4F7556}") = "SpaceWar", "SpaceWar\Platforms\WindowsGL\SpaceWar.csproj", "{3078F3FC-5D65-42CC-96AC-0C28FE1D2D8B}"
EndProject
Project("{9A19103F-16F7-4668-BE54-9A1E7A4F7556}") = "NeonShooter", "NeonShooter\Platforms\WindowsGL\NeonShooter.csproj", "{8D355B2D-AA42-4315-AEC2-2E3BCA6B2605}"
EndProject
Global
	GlobalSection(SolutionConfigurationPlatforms) = preSolution
		Debug|Any CPU = Debug|Any CPU
		Release|Any CPU = Release|Any CPU
	EndGlobalSection
	GlobalSection(ProjectConfigurationPlatforms) = postSolution
		{CAF988BD-5440-405D-95D5-BCAB25FC5240}.Debug|Any CPU.ActiveCfg = Debug|Any CPU
		{CAF988BD-5440-405D-95D5-BCAB25FC5240}.Debug|Any CPU.Build.0 = Debug|Any CPU
		{CAF988BD-5440-405D-95D5-BCAB25FC5240}.Release|Any CPU.ActiveCfg = Release|Any CPU
		{CAF988BD-5440-405D-95D5-BCAB25FC5240}.Release|Any CPU.Build.0 = Release|Any CPU
		{3078F3FC-5D65-42CC-96AC-0C28FE1D2D8B}.Debug|Any CPU.ActiveCfg = Debug|Any CPU
		{3078F3FC-5D65-42CC-96AC-0C28FE1D2D8B}.Debug|Any CPU.Build.0 = Debug|Any CPU
		{3078F3FC-5D65-42CC-96AC-0C28FE1D2D8B}.Release|Any CPU.ActiveCfg = Release|Any CPU
		{3078F3FC-5D65-42CC-96AC-0C28FE1D2D8B}.Release|Any CPU.Build.0 = Release|Any CPU
		{8D355B2D-AA42-4315-AEC2-2E3BCA6B2605}.Debug|Any CPU.ActiveCfg = Debug|Any CPU
		{8D355B2D-AA42-4315-AEC2-2E3BCA6B2605}.Debug|Any CPU.Build.0 = Debug|Any CPU
		{8D355B2D-AA42-4315-AEC2-2E3BCA6B2605}.Release|Any CPU.ActiveCfg = Release|Any CPU
		{8D355B2D-AA42-4315-AEC2-2E3BCA6B2605}.Release|Any CPU.Build.0 = Release|Any CPU
	EndGlobalSection
	GlobalSection(SolutionProperties) = preSolution
		HideSolutionNode = FALSE
	EndGlobalSection
	GlobalSection(ExtensibilityGlobals) = postSolution
		SolutionGuid = {E8FC440B-9103-4F1B-96F7-D43645C846AC}
	EndGlobalSection
EndGlobal
