
Microsoft Visual Studio Solution File, Format Version 12.00
# Visual Studio 2012
Project("{FAE04EC0-301F-11D3-BF4B-00C04F79EFBC}") = "Platformer2D-Ouya", "Platformer2D\Platformer2D-Ouya.csproj", "{48BBE7DF-44ED-42DC-B9C5-7E713BAD1496}"
EndProject
Global
	GlobalSection(SolutionConfigurationPlatforms) = preSolution
		Android|Any CPU = Android|Any CPU
		Android|ARM = Android|ARM
		Android|Mixed Platforms = Android|Mixed Platforms
		Android|x64 = Android|x64
		Android|x86 = Android|x86
		Debug|Any CPU = Debug|Any CPU
		Debug|ARM = Debug|ARM
		Debug|Mixed Platforms = Debug|Mixed Platforms
		Debug|x64 = Debug|x64
		Debug|x86 = Debug|x86
		iOS|Any CPU = iOS|Any CPU
		iOS|ARM = iOS|ARM
		iOS|Mixed Platforms = iOS|Mixed Platforms
		iOS|x64 = iOS|x64
		iOS|x86 = iOS|x86
		Linux|Any CPU = Linux|Any CPU
		Linux|ARM = Linux|ARM
		Linux|Mixed Platforms = Linux|Mixed Platforms
		Linux|x64 = Linux|x64
		Linux|x86 = Linux|x86
		OSX|Any CPU = OSX|Any CPU
		OSX|ARM = OSX|ARM
		OSX|Mixed Platforms = OSX|Mixed Platforms
		OSX|x64 = OSX|x64
		OSX|x86 = OSX|x86
		PSM|Any CPU = PSM|Any CPU
		PSM|ARM = PSM|ARM
		PSM|Mixed Platforms = PSM|Mixed Platforms
		PSM|x64 = PSM|x64
		PSM|x86 = PSM|x86
		Release|Any CPU = Release|Any CPU
		Release|ARM = Release|ARM
		Release|Mixed Platforms = Release|Mixed Platforms
		Release|x64 = Release|x64
		Release|x86 = Release|x86
		Windows|Any CPU = Windows|Any CPU
		Windows|ARM = Windows|ARM
		Windows|Mixed Platforms = Windows|Mixed Platforms
		Windows|x64 = Windows|x64
		Windows|x86 = Windows|x86
		Windows8|Any CPU = Windows8|Any CPU
		Windows8|ARM = Windows8|ARM
		Windows8|Mixed Platforms = Windows8|Mixed Platforms
		Windows8|x64 = Windows8|x64
		Windows8|x86 = Windows8|x86
	EndGlobalSection
	GlobalSection(ProjectConfigurationPlatforms) = postSolution
		{48BBE7DF-44ED-42DC-B9C5-7E713BAD1496}.Android|Any CPU.ActiveCfg = Release|Any CPU
		{48BBE7DF-44ED-42DC-B9C5-7E713BAD1496}.Android|Any CPU.Build.0 = Release|Any CPU
		{48BBE7DF-44ED-42DC-B9C5-7E713BAD1496}.Android|Any CPU.Deploy.0 = Release|Any CPU
		{48BBE7DF-44ED-42DC-B9C5-7E713BAD1496}.Android|ARM.ActiveCfg = Release|Any CPU
		{48BBE7DF-44ED-42DC-B9C5-7E713BAD1496}.Android|Mixed Platforms.ActiveCfg = Release|Any CPU
		{48BBE7DF-44ED-42DC-B9C5-7E713BAD1496}.Android|Mixed Platforms.Build.0 = Release|Any CPU
		{48BBE7DF-44ED-42DC-B9C5-7E713BAD1496}.Android|Mixed Platforms.Deploy.0 = Release|Any CPU
		{48BBE7DF-44ED-42DC-B9C5-7E713BAD1496}.Android|x64.ActiveCfg = Release|Any CPU
		{48BBE7DF-44ED-42DC-B9C5-7E713BAD1496}.Android|x86.ActiveCfg = Release|Any CPU
		{48BBE7DF-44ED-42DC-B9C5-7E713BAD1496}.Debug|Any CPU.ActiveCfg = Debug|Any CPU
		{48BBE7DF-44ED-42DC-B9C5-7E713BAD1496}.Debug|Any CPU.Build.0 = Debug|Any CPU
		{48BBE7DF-44ED-42DC-B9C5-7E713BAD1496}.Debug|Any CPU.Deploy.0 = Debug|Any CPU
		{48BBE7DF-44ED-42DC-B9C5-7E713BAD1496}.Debug|ARM.ActiveCfg = Debug|Any CPU
		{48BBE7DF-44ED-42DC-B9C5-7E713BAD1496}.Debug|Mixed Platforms.ActiveCfg = Debug|Any CPU
		{48BBE7DF-44ED-42DC-B9C5-7E713BAD1496}.Debug|Mixed Platforms.Build.0 = Debug|Any CPU
		{48BBE7DF-44ED-42DC-B9C5-7E713BAD1496}.Debug|Mixed Platforms.Deploy.0 = Debug|Any CPU
		{48BBE7DF-44ED-42DC-B9C5-7E713BAD1496}.Debug|x64.ActiveCfg = Debug|Any CPU
		{48BBE7DF-44ED-42DC-B9C5-7E713BAD1496}.Debug|x86.ActiveCfg = Debug|Any CPU
		{48BBE7DF-44ED-42DC-B9C5-7E713BAD1496}.iOS|Any CPU.ActiveCfg = Release|Any CPU
		{48BBE7DF-44ED-42DC-B9C5-7E713BAD1496}.iOS|Any CPU.Build.0 = Release|Any CPU
		{48BBE7DF-44ED-42DC-B9C5-7E713BAD1496}.iOS|Any CPU.Deploy.0 = Release|Any CPU
		{48BBE7DF-44ED-42DC-B9C5-7E713BAD1496}.iOS|ARM.ActiveCfg = Release|Any CPU
		{48BBE7DF-44ED-42DC-B9C5-7E713BAD1496}.iOS|Mixed Platforms.ActiveCfg = Release|Any CPU
		{48BBE7DF-44ED-42DC-B9C5-7E713BAD1496}.iOS|Mixed Platforms.Build.0 = Release|Any CPU
		{48BBE7DF-44ED-42DC-B9C5-7E713BAD1496}.iOS|Mixed Platforms.Deploy.0 = Release|Any CPU
		{48BBE7DF-44ED-42DC-B9C5-7E713BAD1496}.iOS|x64.ActiveCfg = Release|Any CPU
		{48BBE7DF-44ED-42DC-B9C5-7E713BAD1496}.iOS|x86.ActiveCfg = Release|Any CPU
		{48BBE7DF-44ED-42DC-B9C5-7E713BAD1496}.Linux|Any CPU.ActiveCfg = Release|Any CPU
		{48BBE7DF-44ED-42DC-B9C5-7E713BAD1496}.Linux|Any CPU.Build.0 = Release|Any CPU
		{48BBE7DF-44ED-42DC-B9C5-7E713BAD1496}.Linux|Any CPU.Deploy.0 = Release|Any CPU
		{48BBE7DF-44ED-42DC-B9C5-7E713BAD1496}.Linux|ARM.ActiveCfg = Release|Any CPU
		{48BBE7DF-44ED-42DC-B9C5-7E713BAD1496}.Linux|Mixed Platforms.ActiveCfg = Release|Any CPU
		{48BBE7DF-44ED-42DC-B9C5-7E713BAD1496}.Linux|Mixed Platforms.Build.0 = Release|Any CPU
		{48BBE7DF-44ED-42DC-B9C5-7E713BAD1496}.Linux|Mixed Platforms.Deploy.0 = Release|Any CPU
		{48BBE7DF-44ED-42DC-B9C5-7E713BAD1496}.Linux|x64.ActiveCfg = Release|Any CPU
		{48BBE7DF-44ED-42DC-B9C5-7E713BAD1496}.Linux|x86.ActiveCfg = Release|Any CPU
		{48BBE7DF-44ED-42DC-B9C5-7E713BAD1496}.OSX|Any CPU.ActiveCfg = Release|Any CPU
		{48BBE7DF-44ED-42DC-B9C5-7E713BAD1496}.OSX|Any CPU.Build.0 = Release|Any CPU
		{48BBE7DF-44ED-42DC-B9C5-7E713BAD1496}.OSX|Any CPU.Deploy.0 = Release|Any CPU
		{48BBE7DF-44ED-42DC-B9C5-7E713BAD1496}.OSX|ARM.ActiveCfg = Release|Any CPU
		{48BBE7DF-44ED-42DC-B9C5-7E713BAD1496}.OSX|Mixed Platforms.ActiveCfg = Release|Any CPU
		{48BBE7DF-44ED-42DC-B9C5-7E713BAD1496}.OSX|Mixed Platforms.Build.0 = Release|Any CPU
		{48BBE7DF-44ED-42DC-B9C5-7E713BAD1496}.OSX|Mixed Platforms.Deploy.0 = Release|Any CPU
		{48BBE7DF-44ED-42DC-B9C5-7E713BAD1496}.OSX|x64.ActiveCfg = Release|Any CPU
		{48BBE7DF-44ED-42DC-B9C5-7E713BAD1496}.OSX|x86.ActiveCfg = Release|Any CPU
		{48BBE7DF-44ED-42DC-B9C5-7E713BAD1496}.PSM|Any CPU.ActiveCfg = Release|Any CPU
		{48BBE7DF-44ED-42DC-B9C5-7E713BAD1496}.PSM|Any CPU.Build.0 = Release|Any CPU
		{48BBE7DF-44ED-42DC-B9C5-7E713BAD1496}.PSM|Any CPU.Deploy.0 = Release|Any CPU
		{48BBE7DF-44ED-42DC-B9C5-7E713BAD1496}.PSM|ARM.ActiveCfg = Release|Any CPU
		{48BBE7DF-44ED-42DC-B9C5-7E713BAD1496}.PSM|Mixed Platforms.ActiveCfg = Release|Any CPU
		{48BBE7DF-44ED-42DC-B9C5-7E713BAD1496}.PSM|Mixed Platforms.Build.0 = Release|Any CPU
		{48BBE7DF-44ED-42DC-B9C5-7E713BAD1496}.PSM|Mixed Platforms.Deploy.0 = Release|Any CPU
		{48BBE7DF-44ED-42DC-B9C5-7E713BAD1496}.PSM|x64.ActiveCfg = Release|Any CPU
		{48BBE7DF-44ED-42DC-B9C5-7E713BAD1496}.PSM|x86.ActiveCfg = Release|Any CPU
		{48BBE7DF-44ED-42DC-B9C5-7E713BAD1496}.Release|Any CPU.ActiveCfg = Release|Any CPU
		{48BBE7DF-44ED-42DC-B9C5-7E713BAD1496}.Release|Any CPU.Build.0 = Release|Any CPU
		{48BBE7DF-44ED-42DC-B9C5-7E713BAD1496}.Release|Any CPU.Deploy.0 = Release|Any CPU
		{48BBE7DF-44ED-42DC-B9C5-7E713BAD1496}.Release|ARM.ActiveCfg = Release|Any CPU
		{48BBE7DF-44ED-42DC-B9C5-7E713BAD1496}.Release|Mixed Platforms.ActiveCfg = Release|Any CPU
		{48BBE7DF-44ED-42DC-B9C5-7E713BAD1496}.Release|Mixed Platforms.Build.0 = Release|Any CPU
		{48BBE7DF-44ED-42DC-B9C5-7E713BAD1496}.Release|Mixed Platforms.Deploy.0 = Release|Any CPU
		{48BBE7DF-44ED-42DC-B9C5-7E713BAD1496}.Release|x64.ActiveCfg = Release|Any CPU
		{48BBE7DF-44ED-42DC-B9C5-7E713BAD1496}.Release|x86.ActiveCfg = Release|Any CPU
		{48BBE7DF-44ED-42DC-B9C5-7E713BAD1496}.Windows|Any CPU.ActiveCfg = Release|Any CPU
		{48BBE7DF-44ED-42DC-B9C5-7E713BAD1496}.Windows|Any CPU.Build.0 = Release|Any CPU
		{48BBE7DF-44ED-42DC-B9C5-7E713BAD1496}.Windows|Any CPU.Deploy.0 = Release|Any CPU
		{48BBE7DF-44ED-42DC-B9C5-7E713BAD1496}.Windows|ARM.ActiveCfg = Release|Any CPU
		{48BBE7DF-44ED-42DC-B9C5-7E713BAD1496}.Windows|Mixed Platforms.ActiveCfg = Release|Any CPU
		{48BBE7DF-44ED-42DC-B9C5-7E713BAD1496}.Windows|Mixed Platforms.Build.0 = Release|Any CPU
		{48BBE7DF-44ED-42DC-B9C5-7E713BAD1496}.Windows|Mixed Platforms.Deploy.0 = Release|Any CPU
		{48BBE7DF-44ED-42DC-B9C5-7E713BAD1496}.Windows|x64.ActiveCfg = Release|Any CPU
		{48BBE7DF-44ED-42DC-B9C5-7E713BAD1496}.Windows|x86.ActiveCfg = Release|Any CPU
		{48BBE7DF-44ED-42DC-B9C5-7E713BAD1496}.Windows8|Any CPU.ActiveCfg = Release|Any CPU
		{48BBE7DF-44ED-42DC-B9C5-7E713BAD1496}.Windows8|Any CPU.Build.0 = Release|Any CPU
		{48BBE7DF-44ED-42DC-B9C5-7E713BAD1496}.Windows8|Any CPU.Deploy.0 = Release|Any CPU
		{48BBE7DF-44ED-42DC-B9C5-7E713BAD1496}.Windows8|ARM.ActiveCfg = Release|Any CPU
		{48BBE7DF-44ED-42DC-B9C5-7E713BAD1496}.Windows8|Mixed Platforms.ActiveCfg = Release|Any CPU
		{48BBE7DF-44ED-42DC-B9C5-7E713BAD1496}.Windows8|Mixed Platforms.Build.0 = Release|Any CPU
		{48BBE7DF-44ED-42DC-B9C5-7E713BAD1496}.Windows8|Mixed Platforms.Deploy.0 = Release|Any CPU
		{48BBE7DF-44ED-42DC-B9C5-7E713BAD1496}.Windows8|x64.ActiveCfg = Release|Any CPU
		{48BBE7DF-44ED-42DC-B9C5-7E713BAD1496}.Windows8|x86.ActiveCfg = Release|Any CPU
	EndGlobalSection
	GlobalSection(SolutionProperties) = preSolution
		HideSolutionNode = FALSE
	EndGlobalSection
EndGlobal
