
Microsoft Visual Studio Solution File, Format Version 12.00
# Visual Studio Version 16
VisualStudioVersion = 16.0.30011.22
MinimumVisualStudioVersion = 10.0.40219.1
Project("{9A19103F-16F7-4668-BE54-9A1E7A4F7556}") = "Platformer2D", "Platformer2D\Platforms\WindowsDX\Platformer2D.csproj", "{615A8B3F-607E-4BED-BC0E-34689057E04C}"
EndProject
Project("{9A19103F-16F7-4668-BE54-9A1E7A4F7556}") = "NeonShooter", "NeonShooter\Platforms\WindowsDX\NeonShooter.csproj", "{4148213D-B869-4202-B2D1-4D4025820D8C}"
EndProject
Project("{9A19103F-16F7-4668-BE54-9A1E7A4F7556}") = "SpaceWar", "SpaceWar\Platforms\WindowsDX\SpaceWar.csproj", "{C0D9FFF6-616F-4182-861B-EDE93C1D6A68}"
EndProject
Global
	GlobalSection(SolutionConfigurationPlatforms) = preSolution
		Debug|Any CPU = Debug|Any CPU
		Release|Any CPU = Release|Any CPU
	EndGlobalSection
	GlobalSection(ProjectConfigurationPlatforms) = postSolution
		{615A8B3F-607E-4BED-BC0E-34689057E04C}.Debug|Any CPU.ActiveCfg = Debug|Any CPU
		{615A8B3F-607E-4BED-BC0E-34689057E04C}.Debug|Any CPU.Build.0 = Debug|Any CPU
		{615A8B3F-607E-4BED-BC0E-34689057E04C}.Release|Any CPU.ActiveCfg = Release|Any CPU
		{615A8B3F-607E-4BED-BC0E-34689057E04C}.Release|Any CPU.Build.0 = Release|Any CPU
		{4148213D-B869-4202-B2D1-4D4025820D8C}.Debug|Any CPU.ActiveCfg = Debug|Any CPU
		{4148213D-B869-4202-B2D1-4D4025820D8C}.Debug|Any CPU.Build.0 = Debug|Any CPU
		{4148213D-B869-4202-B2D1-4D4025820D8C}.Release|Any CPU.ActiveCfg = Release|Any CPU
		{4148213D-B869-4202-B2D1-4D4025820D8C}.Release|Any CPU.Build.0 = Release|Any CPU
		{C0D9FFF6-616F-4182-861B-EDE93C1D6A68}.Debug|Any CPU.ActiveCfg = Debug|Any CPU
		{C0D9FFF6-616F-4182-861B-EDE93C1D6A68}.Debug|Any CPU.Build.0 = Debug|Any CPU
		{C0D9FFF6-616F-4182-861B-EDE93C1D6A68}.Release|Any CPU.ActiveCfg = Release|Any CPU
		{C0D9FFF6-616F-4182-861B-EDE93C1D6A68}.Release|Any CPU.Build.0 = Release|Any CPU
	EndGlobalSection
	GlobalSection(SolutionProperties) = preSolution
		HideSolutionNode = FALSE
	EndGlobalSection
	GlobalSection(ExtensibilityGlobals) = postSolution
		SolutionGuid = {8591A0CF-DD16-47B3-831D-80ACF6AF071E}
	EndGlobalSection
EndGlobal
