
Microsoft Visual Studio Solution File, Format Version 12.00
# Visual Studio Version 17
VisualStudioVersion = 17.0.31903.59
MinimumVisualStudioVersion = 10.0.40219.1
Project("{2150E333-8FDC-42A3-9474-1A3956D46DE8}") = "src", "src", "{827E0CD3-B72D-47B6-A68D-7590B98EB39B}"
EndProject
Project("{2150E333-8FDC-42A3-9474-1A3956D46DE8}") = "02-Getting-Started", "02-Getting-Started", "{D404F36C-CBB9-FFF6-9E83-5F14D86BD29C}"
EndProject
Project("{FAE04EC0-301F-11D3-BF4B-00C04F79EFBC}") = "DungeonSlime", "src\02-Getting-Started\DungeonSlime\DungeonSlime.csproj", "{FEE3D8A9-A349-411C-9839-BA7F03D2661E}"
EndProject
Project("{2150E333-8FDC-42A3-9474-1A3956D46DE8}") = "03-The-Game1-File", "03-The-Game1-File", "{4B780933-E0A7-B745-0A28-5415036F6E40}"
EndProject
Project("{FAE04EC0-301F-11D3-BF4B-00C04F79EFBC}") = "DungeonSlime", "src\03-The-Game1-File\DungeonSlime\DungeonSlime.csproj", "{A20D48AF-67F8-45BA-AFC5-3A5D0E0B5225}"
EndProject
Project("{2150E333-8FDC-42A3-9474-1A3956D46DE8}") = "04-Creating-A-Class-Library", "04-Creating-A-Class-Library", "{0F5EE9EB-4E9F-F2D0-FD28-8597A5AB5DCC}"
EndProject
Project("{FAE04EC0-301F-11D3-BF4B-00C04F79EFBC}") = "DungeonSlime", "src\04-Creating-A-Class-Library\DungeonSlime\DungeonSlime.csproj", "{785CE71A-6EF9-4DCF-A1FA-B57B0A538490}"
EndProject
Project("{FAE04EC0-301F-11D3-BF4B-00C04F79EFBC}") = "MonoGameLibrary", "src\04-Creating-A-Class-Library\MonoGameLibrary\MonoGameLibrary.csproj", "{B79C500A-29D0-4C8E-94C7-9DCFD6B4759E}"
EndProject
Project("{2150E333-8FDC-42A3-9474-1A3956D46DE8}") = "05-Content-Pipeline", "05-Content-Pipeline", "{7C1F9FB3-5BF9-7B33-53BE-065D6A5CF40B}"
EndProject
Project("{FAE04EC0-301F-11D3-BF4B-00C04F79EFBC}") = "DungeonSlime", "src\05-Content-Pipeline\DungeonSlime\DungeonSlime.csproj", "{FCCFBF4C-EB7F-481E-9C28-671B52660F4D}"
EndProject
Project("{FAE04EC0-301F-11D3-BF4B-00C04F79EFBC}") = "MonoGameLibrary", "src\05-Content-Pipeline\MonoGameLibrary\MonoGameLibrary.csproj", "{CA414A8B-9CEB-4B35-AF98-C16944649852}"
EndProject
Project("{2150E333-8FDC-42A3-9474-1A3956D46DE8}") = "06-Working-With-Textures", "06-Working-With-Textures", "{C4953D3D-7A2F-3936-AE3B-8EEBCF8AB5F3}"
EndProject
Project("{FAE04EC0-301F-11D3-BF4B-00C04F79EFBC}") = "DungeonSlime", "src\06-Working-With-Textures\DungeonSlime\DungeonSlime.csproj", "{8931126B-1726-494C-A5F0-E0F98EE505FB}"
EndProject
Project("{FAE04EC0-301F-11D3-BF4B-00C04F79EFBC}") = "MonoGameLibrary", "src\06-Working-With-Textures\MonoGameLibrary\MonoGameLibrary.csproj", "{49725224-BCE1-4EE4-8CA1-C78C710190C3}"
EndProject
Project("{2150E333-8FDC-42A3-9474-1A3956D46DE8}") = "07-Optimize-Texture-Rendering", "07-Optimize-Texture-Rendering", "{2B211ACF-743F-EDB3-057B-6C963033AAE0}"
EndProject
Project("{FAE04EC0-301F-11D3-BF4B-00C04F79EFBC}") = "DungeonSlime", "src\07-Optimize-Texture-Rendering\DungeonSlime\DungeonSlime.csproj", "{6E42D2E7-8685-4E1A-927F-E1DBEE17405E}"
EndProject
Project("{FAE04EC0-301F-11D3-BF4B-00C04F79EFBC}") = "MonoGameLibrary", "src\07-Optimize-Texture-Rendering\MonoGameLibrary\MonoGameLibrary.csproj", "{6669258A-38E2-4DFC-9A4C-23FDCF8A38F2}"
EndProject
Project("{2150E333-8FDC-42A3-9474-1A3956D46DE8}") = "08-The-Sprite-Class", "08-The-Sprite-Class", "{2C0D3464-E418-9F4A-D13D-B7D7FF9C5AA2}"
EndProject
Project("{FAE04EC0-301F-11D3-BF4B-00C04F79EFBC}") = "DungeonSlime", "src\08-The-Sprite-Class\DungeonSlime\DungeonSlime.csproj", "{45301D60-7332-4E92-A446-D9107CE8A55A}"
EndProject
Project("{FAE04EC0-301F-11D3-BF4B-00C04F79EFBC}") = "MonoGameLibrary", "src\08-The-Sprite-Class\MonoGameLibrary\MonoGameLibrary.csproj", "{13D05F75-0A03-4E5C-9D73-1DDC8DB8EA7B}"
EndProject
Project("{2150E333-8FDC-42A3-9474-1A3956D46DE8}") = "09-The-AnimatedSprite-Class", "09-The-AnimatedSprite-Class", "{19EF395C-88FD-774A-E405-FB6602F8233B}"
EndProject
Project("{FAE04EC0-301F-11D3-BF4B-00C04F79EFBC}") = "DungeonSlime", "src\09-The-AnimatedSprite-Class\DungeonSlime\DungeonSlime.csproj", "{936F8BC2-AFAF-4CB0-B800-C5ADB304EBE8}"
EndProject
Project("{FAE04EC0-301F-11D3-BF4B-00C04F79EFBC}") = "MonoGameLibrary", "src\09-The-AnimatedSprite-Class\MonoGameLibrary\MonoGameLibrary.csproj", "{0FDE4398-03B8-4D72-B6CA-C93A1C19186D}"
EndProject
Project("{2150E333-8FDC-42A3-9474-1A3956D46DE8}") = "10-Handling-Input", "10-Handling-Input", "{64566FEF-0B0C-B8CF-3A74-E4392E087BD4}"
EndProject
Project("{FAE04EC0-301F-11D3-BF4B-00C04F79EFBC}") = "DungeonSlime", "src\10-Handling-Input\DungeonSlime\DungeonSlime.csproj", "{18621919-B3B2-4561-A603-E0F23E4B47C1}"
EndProject
Project("{FAE04EC0-301F-11D3-BF4B-00C04F79EFBC}") = "MonoGameLibrary", "src\10-Handling-Input\MonoGameLibrary\MonoGameLibrary.csproj", "{43071152-0899-4DCE-BF7D-47526D3F9019}"
EndProject
Project("{2150E333-8FDC-42A3-9474-1A3956D46DE8}") = "11-Input-Management", "11-Input-Management", "{64391719-BFB6-6CBD-7804-23FFBA802478}"
EndProject
Project("{FAE04EC0-301F-11D3-BF4B-00C04F79EFBC}") = "DungeonSlime", "src\11-Input-Management\DungeonSlime\DungeonSlime.csproj", "{4728AF9D-4F5C-427B-B93B-8AA627999E64}"
EndProject
Project("{FAE04EC0-301F-11D3-BF4B-00C04F79EFBC}") = "MonoGameLibrary", "src\11-Input-Management\MonoGameLibrary\MonoGameLibrary.csproj", "{92DEC953-56F4-4BE6-9CC9-00C023F462CE}"
EndProject
Project("{2150E333-8FDC-42A3-9474-1A3956D46DE8}") = "12-Collision-Detection", "12-Collision-Detection", "{9FAB0DBB-3543-5BFA-4E4E-D126B0A42810}"
EndProject
Project("{FAE04EC0-301F-11D3-BF4B-00C04F79EFBC}") = "DungeonSlime", "src\12-Collision-Detection\DungeonSlime\DungeonSlime.csproj", "{17948664-A2EB-49C8-A2AB-A8F677B0F0D6}"
EndProject
Project("{FAE04EC0-301F-11D3-BF4B-00C04F79EFBC}") = "MonoGameLibrary", "src\12-Collision-Detection\MonoGameLibrary\MonoGameLibrary.csproj", "{C0D49878-E7C1-43E4-9E83-5F58C2C82575}"
EndProject
Project("{2150E333-8FDC-42A3-9474-1A3956D46DE8}") = "13-Tilemap", "13-Tilemap", "{D95E9B67-5B50-E45B-4F93-062112E6E146}"
EndProject
Project("{FAE04EC0-301F-11D3-BF4B-00C04F79EFBC}") = "DungeonSlime", "src\13-Tilemap\DungeonSlime\DungeonSlime.csproj", "{B1152B15-3405-428A-AA7C-F656873D7401}"
EndProject
Project("{FAE04EC0-301F-11D3-BF4B-00C04F79EFBC}") = "MonoGameLibrary", "src\13-Tilemap\MonoGameLibrary\MonoGameLibrary.csproj", "{C9585E1B-BC2C-418B-8ECC-A1BA1DD503B0}"
EndProject
Project("{2150E333-8FDC-42A3-9474-1A3956D46DE8}") = "14-SoundEffects-And-Music", "14-SoundEffects-And-Music", "{41989853-B803-1143-DC74-0C899DECEACB}"
EndProject
Project("{FAE04EC0-301F-11D3-BF4B-00C04F79EFBC}") = "DungeonSlime", "src\14-SoundEffects-And-Music\DungeonSlime\DungeonSlime.csproj", "{D5137F46-7690-415F-BDFF-638B12379C82}"
EndProject
Project("{FAE04EC0-301F-11D3-BF4B-00C04F79EFBC}") = "MonoGameLibrary", "src\14-SoundEffects-And-Music\MonoGameLibrary\MonoGameLibrary.csproj", "{8E1A7378-DAB2-4319-A5A8-9879C961DBB4}"
EndProject
Project("{2150E333-8FDC-42A3-9474-1A3956D46DE8}") = "15-Audio-Controller", "15-Audio-Controller", "{64A39762-41AA-4A5D-129D-C758154E9CA9}"
EndProject
Project("{FAE04EC0-301F-11D3-BF4B-00C04F79EFBC}") = "DungeonSlime", "src\15-Audio-Controller\DungeonSlime\DungeonSlime.csproj", "{A52C1293-93A7-443A-A41B-47307371C317}"
EndProject
Project("{FAE04EC0-301F-11D3-BF4B-00C04F79EFBC}") = "MonoGameLibrary", "src\15-Audio-Controller\MonoGameLibrary\MonoGameLibrary.csproj", "{92DAC378-7358-4987-8CD1-ABF6A2893F18}"
EndProject
Project("{2150E333-8FDC-42A3-9474-1A3956D46DE8}") = "16-Working-With-SpriteFonts", "16-Working-With-SpriteFonts", "{06B9C430-D3E7-E5BC-B521-78EBD58D3D8D}"
EndProject
Project("{FAE04EC0-301F-11D3-BF4B-00C04F79EFBC}") = "DungeonSlime", "src\16-Working-With-SpriteFonts\DungeonSlime\DungeonSlime.csproj", "{7D0CDF9D-85AB-4241-BEFD-301A36CA2E96}"
EndProject
Project("{FAE04EC0-301F-11D3-BF4B-00C04F79EFBC}") = "MonoGameLibrary", "src\16-Working-With-SpriteFonts\MonoGameLibrary\MonoGameLibrary.csproj", "{0A5E7FC1-1875-4562-8E0A-375AF5CFF454}"
EndProject
Project("{2150E333-8FDC-42A3-9474-1A3956D46DE8}") = "17-Scenes", "17-Scenes", "{ECF137E1-AF0E-EA56-2060-FE23767D7458}"
EndProject
Project("{FAE04EC0-301F-11D3-BF4B-00C04F79EFBC}") = "DungeonSlime", "src\17-Scenes\DungeonSlime\DungeonSlime.csproj", "{63D90846-A209-4984-968C-E19BE3347440}"
EndProject
Project("{FAE04EC0-301F-11D3-BF4B-00C04F79EFBC}") = "MonoGameLibrary", "src\17-Scenes\MonoGameLibrary\MonoGameLibrary.csproj", "{DE1BC4F1-4332-43E8-A64C-CE8413F90346}"
EndProject
Project("{2150E333-8FDC-42A3-9474-1A3956D46DE8}") = "18-Texture-Wrapping", "18-Texture-Wrapping", "{40E13131-B1D8-2F73-9A45-87718F83EE4B}"
EndProject
Project("{FAE04EC0-301F-11D3-BF4B-00C04F79EFBC}") = "DungeonSlime", "src\18-Texture-Wrapping\DungeonSlime\DungeonSlime.csproj", "{1CA74916-970D-4F72-A596-22A20BA41139}"
EndProject
Project("{FAE04EC0-301F-11D3-BF4B-00C04F79EFBC}") = "MonoGameLibrary", "src\18-Texture-Wrapping\MonoGameLibrary\MonoGameLibrary.csproj", "{BBFD5E4D-582C-4616-B61B-157399E25846}"
EndProject
Project("{2150E333-8FDC-42A3-9474-1A3956D46DE8}") = "19-User-Interface-Fundamentals", "19-User-Interface-Fundamentals", "{8E4146AA-F863-A044-5C93-E04D89F0CDAD}"
EndProject
Project("{FAE04EC0-301F-11D3-BF4B-00C04F79EFBC}") = "DungeonSlime", "src\19-User-Interface-Fundamentals\DungeonSlime\DungeonSlime.csproj", "{4F0FE337-AE2C-45F8-90AB-AB8742D02E35}"
EndProject
Project("{FAE04EC0-301F-11D3-BF4B-00C04F79EFBC}") = "MonoGameLibrary", "src\19-User-Interface-Fundamentals\MonoGameLibrary\MonoGameLibrary.csproj", "{B83C5F40-2B52-4523-AE5D-54B9509F2396}"
EndProject
Project("{2150E333-8FDC-42A3-9474-1A3956D46DE8}") = "20-Implementing-UI-With-Gum", "20-Implementing-UI-With-Gum", "{2FDBDDC7-2C55-BBCC-498A-8F13E4FE55DE}"
EndProject
Project("{FAE04EC0-301F-11D3-BF4B-00C04F79EFBC}") = "DungeonSlime", "src\20-Implementing-UI-With-Gum\DungeonSlime\DungeonSlime.csproj", "{DD45B7FB-E75C-4BF6-9D91-786479996C9E}"
EndProject
Project("{FAE04EC0-301F-11D3-BF4B-00C04F79EFBC}") = "MonoGameLibrary", "src\20-Implementing-UI-With-Gum\MonoGameLibrary\MonoGameLibrary.csproj", "{B0700BCE-56F9-46D3-B475-743A3FDD0289}"
EndProject
Project("{2150E333-8FDC-42A3-9474-1A3956D46DE8}") = "21-Customizing-Gum-UI", "21-Customizing-Gum-UI", "{A3A660B8-B8AC-9461-D3C6-06214E1F58BF}"
EndProject
Project("{FAE04EC0-301F-11D3-BF4B-00C04F79EFBC}") = "DungeonSlime", "src\21-Customizing-Gum-UI\DungeonSlime\DungeonSlime.csproj", "{20A45ACA-CD20-4B9B-A170-567877BDE1F0}"
EndProject
Project("{FAE04EC0-301F-11D3-BF4B-00C04F79EFBC}") = "MonoGameLibrary", "src\21-Customizing-Gum-UI\MonoGameLibrary\MonoGameLibrary.csproj", "{C95E7D9A-5ABB-4AC7-A644-E70274B935EC}"
EndProject
Project("{2150E333-8FDC-42A3-9474-1A3956D46DE8}") = "22-Snake-Game-Mechanics", "22-Snake-Game-Mechanics", "{1712CDAE-051E-4F74-B524-61E98987BE52}"
EndProject
Project("{FAE04EC0-301F-11D3-BF4B-00C04F79EFBC}") = "DungeonSlime", "src\22-Snake-Game-Mechanics\DungeonSlime\DungeonSlime.csproj", "{65896D61-411D-4739-9258-7CD75B0CADD0}"
EndProject
Project("{FAE04EC0-301F-11D3-BF4B-00C04F79EFBC}") = "MonoGameLibrary", "src\22-Snake-Game-Mechanics\MonoGameLibrary\MonoGameLibrary.csproj", "{B4DF93B7-36BB-40DD-B9E1-A3CC711756DE}"
EndProject
Project("{2150E333-8FDC-42A3-9474-1A3956D46DE8}") = "23-Completing-The-Game", "23-Completing-The-Game", "{2760AEC0-963F-4A75-A117-A08AB1CD8CA9}"
EndProject
Project("{FAE04EC0-301F-11D3-BF4B-00C04F79EFBC}") = "DungeonSlime", "src\23-Completing-The-Game\DungeonSlime\DungeonSlime.csproj", "{DCB1BE7E-5A93-45AF-A9C7-40D8B174AEA8}"
EndProject
Project("{FAE04EC0-301F-11D3-BF4B-00C04F79EFBC}") = "MonoGameLibrary", "src\23-Completing-The-Game\MonoGameLibrary\MonoGameLibrary.csproj", "{29B99A93-2F8D-4C52-906D-6699166AFE12}"
EndProject
Project("{2150E333-8FDC-42A3-9474-1A3956D46DE8}") = "24-Shaders", "24-Shaders", "{EFAC0ED1-1E7C-A0ED-736F-56BC05975F05}"
EndProject
Project("{FAE04EC0-301F-11D3-BF4B-00C04F79EFBC}") = "DungeonSlime", "src\24-Shaders\DungeonSlime\DungeonSlime.csproj", "{DD410CAE-140B-4B03-B086-537E38F3B11D}"
EndProject
Project("{FAE04EC0-301F-11D3-BF4B-00C04F79EFBC}") = "MonoGameLibrary", "src\24-Shaders\MonoGameLibrary\MonoGameLibrary.csproj", "{D0F35587-0897-4BE5-9524-F86B64D43C6C}"
EndProject
Global
	GlobalSection(SolutionConfigurationPlatforms) = preSolution
		Debug|Any CPU = Debug|Any CPU
		Debug|x64 = Debug|x64
		Debug|x86 = Debug|x86
		Release|Any CPU = Release|Any CPU
		Release|x64 = Release|x64
		Release|x86 = Release|x86
	EndGlobalSection
	GlobalSection(ProjectConfigurationPlatforms) = postSolution
		{FEE3D8A9-A349-411C-9839-BA7F03D2661E}.Debug|Any CPU.ActiveCfg = Debug|Any CPU
		{FEE3D8A9-A349-411C-9839-BA7F03D2661E}.Debug|Any CPU.Build.0 = Debug|Any CPU
		{FEE3D8A9-A349-411C-9839-BA7F03D2661E}.Debug|x64.ActiveCfg = Debug|Any CPU
		{FEE3D8A9-A349-411C-9839-BA7F03D2661E}.Debug|x64.Build.0 = Debug|Any CPU
		{FEE3D8A9-A349-411C-9839-BA7F03D2661E}.Debug|x86.ActiveCfg = Debug|Any CPU
		{FEE3D8A9-A349-411C-9839-BA7F03D2661E}.Debug|x86.Build.0 = Debug|Any CPU
		{FEE3D8A9-A349-411C-9839-BA7F03D2661E}.Release|Any CPU.ActiveCfg = Release|Any CPU
		{FEE3D8A9-A349-411C-9839-BA7F03D2661E}.Release|Any CPU.Build.0 = Release|Any CPU
		{FEE3D8A9-A349-411C-9839-BA7F03D2661E}.Release|x64.ActiveCfg = Release|Any CPU
		{FEE3D8A9-A349-411C-9839-BA7F03D2661E}.Release|x64.Build.0 = Release|Any CPU
		{FEE3D8A9-A349-411C-9839-BA7F03D2661E}.Release|x86.ActiveCfg = Release|Any CPU
		{FEE3D8A9-A349-411C-9839-BA7F03D2661E}.Release|x86.Build.0 = Release|Any CPU
		{A20D48AF-67F8-45BA-AFC5-3A5D0E0B5225}.Debug|Any CPU.ActiveCfg = Debug|Any CPU
		{A20D48AF-67F8-45BA-AFC5-3A5D0E0B5225}.Debug|Any CPU.Build.0 = Debug|Any CPU
		{A20D48AF-67F8-45BA-AFC5-3A5D0E0B5225}.Debug|x64.ActiveCfg = Debug|Any CPU
		{A20D48AF-67F8-45BA-AFC5-3A5D0E0B5225}.Debug|x64.Build.0 = Debug|Any CPU
		{A20D48AF-67F8-45BA-AFC5-3A5D0E0B5225}.Debug|x86.ActiveCfg = Debug|Any CPU
		{A20D48AF-67F8-45BA-AFC5-3A5D0E0B5225}.Debug|x86.Build.0 = Debug|Any CPU
		{A20D48AF-67F8-45BA-AFC5-3A5D0E0B5225}.Release|Any CPU.ActiveCfg = Release|Any CPU
		{A20D48AF-67F8-45BA-AFC5-3A5D0E0B5225}.Release|Any CPU.Build.0 = Release|Any CPU
		{A20D48AF-67F8-45BA-AFC5-3A5D0E0B5225}.Release|x64.ActiveCfg = Release|Any CPU
		{A20D48AF-67F8-45BA-AFC5-3A5D0E0B5225}.Release|x64.Build.0 = Release|Any CPU
		{A20D48AF-67F8-45BA-AFC5-3A5D0E0B5225}.Release|x86.ActiveCfg = Release|Any CPU
		{A20D48AF-67F8-45BA-AFC5-3A5D0E0B5225}.Release|x86.Build.0 = Release|Any CPU
		{785CE71A-6EF9-4DCF-A1FA-B57B0A538490}.Debug|Any CPU.ActiveCfg = Debug|Any CPU
		{785CE71A-6EF9-4DCF-A1FA-B57B0A538490}.Debug|Any CPU.Build.0 = Debug|Any CPU
		{785CE71A-6EF9-4DCF-A1FA-B57B0A538490}.Debug|x64.ActiveCfg = Debug|Any CPU
		{785CE71A-6EF9-4DCF-A1FA-B57B0A538490}.Debug|x64.Build.0 = Debug|Any CPU
		{785CE71A-6EF9-4DCF-A1FA-B57B0A538490}.Debug|x86.ActiveCfg = Debug|Any CPU
		{785CE71A-6EF9-4DCF-A1FA-B57B0A538490}.Debug|x86.Build.0 = Debug|Any CPU
		{785CE71A-6EF9-4DCF-A1FA-B57B0A538490}.Release|Any CPU.ActiveCfg = Release|Any CPU
		{785CE71A-6EF9-4DCF-A1FA-B57B0A538490}.Release|Any CPU.Build.0 = Release|Any CPU
		{785CE71A-6EF9-4DCF-A1FA-B57B0A538490}.Release|x64.ActiveCfg = Release|Any CPU
		{785CE71A-6EF9-4DCF-A1FA-B57B0A538490}.Release|x64.Build.0 = Release|Any CPU
		{785CE71A-6EF9-4DCF-A1FA-B57B0A538490}.Release|x86.ActiveCfg = Release|Any CPU
		{785CE71A-6EF9-4DCF-A1FA-B57B0A538490}.Release|x86.Build.0 = Release|Any CPU
		{B79C500A-29D0-4C8E-94C7-9DCFD6B4759E}.Debug|Any CPU.ActiveCfg = Debug|Any CPU
		{B79C500A-29D0-4C8E-94C7-9DCFD6B4759E}.Debug|Any CPU.Build.0 = Debug|Any CPU
		{B79C500A-29D0-4C8E-94C7-9DCFD6B4759E}.Debug|x64.ActiveCfg = Debug|Any CPU
		{B79C500A-29D0-4C8E-94C7-9DCFD6B4759E}.Debug|x64.Build.0 = Debug|Any CPU
		{B79C500A-29D0-4C8E-94C7-9DCFD6B4759E}.Debug|x86.ActiveCfg = Debug|Any CPU
		{B79C500A-29D0-4C8E-94C7-9DCFD6B4759E}.Debug|x86.Build.0 = Debug|Any CPU
		{B79C500A-29D0-4C8E-94C7-9DCFD6B4759E}.Release|Any CPU.ActiveCfg = Release|Any CPU
		{B79C500A-29D0-4C8E-94C7-9DCFD6B4759E}.Release|Any CPU.Build.0 = Release|Any CPU
		{B79C500A-29D0-4C8E-94C7-9DCFD6B4759E}.Release|x64.ActiveCfg = Release|Any CPU
		{B79C500A-29D0-4C8E-94C7-9DCFD6B4759E}.Release|x64.Build.0 = Release|Any CPU
		{B79C500A-29D0-4C8E-94C7-9DCFD6B4759E}.Release|x86.ActiveCfg = Release|Any CPU
		{B79C500A-29D0-4C8E-94C7-9DCFD6B4759E}.Release|x86.Build.0 = Release|Any CPU
		{FCCFBF4C-EB7F-481E-9C28-671B52660F4D}.Debug|Any CPU.ActiveCfg = Debug|Any CPU
		{FCCFBF4C-EB7F-481E-9C28-671B52660F4D}.Debug|Any CPU.Build.0 = Debug|Any CPU
		{FCCFBF4C-EB7F-481E-9C28-671B52660F4D}.Debug|x64.ActiveCfg = Debug|Any CPU
		{FCCFBF4C-EB7F-481E-9C28-671B52660F4D}.Debug|x64.Build.0 = Debug|Any CPU
		{FCCFBF4C-EB7F-481E-9C28-671B52660F4D}.Debug|x86.ActiveCfg = Debug|Any CPU
		{FCCFBF4C-EB7F-481E-9C28-671B52660F4D}.Debug|x86.Build.0 = Debug|Any CPU
		{FCCFBF4C-EB7F-481E-9C28-671B52660F4D}.Release|Any CPU.ActiveCfg = Release|Any CPU
		{FCCFBF4C-EB7F-481E-9C28-671B52660F4D}.Release|Any CPU.Build.0 = Release|Any CPU
		{FCCFBF4C-EB7F-481E-9C28-671B52660F4D}.Release|x64.ActiveCfg = Release|Any CPU
		{FCCFBF4C-EB7F-481E-9C28-671B52660F4D}.Release|x64.Build.0 = Release|Any CPU
		{FCCFBF4C-EB7F-481E-9C28-671B52660F4D}.Release|x86.ActiveCfg = Release|Any CPU
		{FCCFBF4C-EB7F-481E-9C28-671B52660F4D}.Release|x86.Build.0 = Release|Any CPU
		{CA414A8B-9CEB-4B35-AF98-C16944649852}.Debug|Any CPU.ActiveCfg = Debug|Any CPU
		{CA414A8B-9CEB-4B35-AF98-C16944649852}.Debug|Any CPU.Build.0 = Debug|Any CPU
		{CA414A8B-9CEB-4B35-AF98-C16944649852}.Debug|x64.ActiveCfg = Debug|Any CPU
		{CA414A8B-9CEB-4B35-AF98-C16944649852}.Debug|x64.Build.0 = Debug|Any CPU
		{CA414A8B-9CEB-4B35-AF98-C16944649852}.Debug|x86.ActiveCfg = Debug|Any CPU
		{CA414A8B-9CEB-4B35-AF98-C16944649852}.Debug|x86.Build.0 = Debug|Any CPU
		{CA414A8B-9CEB-4B35-AF98-C16944649852}.Release|Any CPU.ActiveCfg = Release|Any CPU
		{CA414A8B-9CEB-4B35-AF98-C16944649852}.Release|Any CPU.Build.0 = Release|Any CPU
		{CA414A8B-9CEB-4B35-AF98-C16944649852}.Release|x64.ActiveCfg = Release|Any CPU
		{CA414A8B-9CEB-4B35-AF98-C16944649852}.Release|x64.Build.0 = Release|Any CPU
		{CA414A8B-9CEB-4B35-AF98-C16944649852}.Release|x86.ActiveCfg = Release|Any CPU
		{CA414A8B-9CEB-4B35-AF98-C16944649852}.Release|x86.Build.0 = Release|Any CPU
		{8931126B-1726-494C-A5F0-E0F98EE505FB}.Debug|Any CPU.ActiveCfg = Debug|Any CPU
		{8931126B-1726-494C-A5F0-E0F98EE505FB}.Debug|Any CPU.Build.0 = Debug|Any CPU
		{8931126B-1726-494C-A5F0-E0F98EE505FB}.Debug|x64.ActiveCfg = Debug|Any CPU
		{8931126B-1726-494C-A5F0-E0F98EE505FB}.Debug|x64.Build.0 = Debug|Any CPU
		{8931126B-1726-494C-A5F0-E0F98EE505FB}.Debug|x86.ActiveCfg = Debug|Any CPU
		{8931126B-1726-494C-A5F0-E0F98EE505FB}.Debug|x86.Build.0 = Debug|Any CPU
		{8931126B-1726-494C-A5F0-E0F98EE505FB}.Release|Any CPU.ActiveCfg = Release|Any CPU
		{8931126B-1726-494C-A5F0-E0F98EE505FB}.Release|Any CPU.Build.0 = Release|Any CPU
		{8931126B-1726-494C-A5F0-E0F98EE505FB}.Release|x64.ActiveCfg = Release|Any CPU
		{8931126B-1726-494C-A5F0-E0F98EE505FB}.Release|x64.Build.0 = Release|Any CPU
		{8931126B-1726-494C-A5F0-E0F98EE505FB}.Release|x86.ActiveCfg = Release|Any CPU
		{8931126B-1726-494C-A5F0-E0F98EE505FB}.Release|x86.Build.0 = Release|Any CPU
		{49725224-BCE1-4EE4-8CA1-C78C710190C3}.Debug|Any CPU.ActiveCfg = Debug|Any CPU
		{49725224-BCE1-4EE4-8CA1-C78C710190C3}.Debug|Any CPU.Build.0 = Debug|Any CPU
		{49725224-BCE1-4EE4-8CA1-C78C710190C3}.Debug|x64.ActiveCfg = Debug|Any CPU
		{49725224-BCE1-4EE4-8CA1-C78C710190C3}.Debug|x64.Build.0 = Debug|Any CPU
		{49725224-BCE1-4EE4-8CA1-C78C710190C3}.Debug|x86.ActiveCfg = Debug|Any CPU
		{49725224-BCE1-4EE4-8CA1-C78C710190C3}.Debug|x86.Build.0 = Debug|Any CPU
		{49725224-BCE1-4EE4-8CA1-C78C710190C3}.Release|Any CPU.ActiveCfg = Release|Any CPU
		{49725224-BCE1-4EE4-8CA1-C78C710190C3}.Release|Any CPU.Build.0 = Release|Any CPU
		{49725224-BCE1-4EE4-8CA1-C78C710190C3}.Release|x64.ActiveCfg = Release|Any CPU
		{49725224-BCE1-4EE4-8CA1-C78C710190C3}.Release|x64.Build.0 = Release|Any CPU
		{49725224-BCE1-4EE4-8CA1-C78C710190C3}.Release|x86.ActiveCfg = Release|Any CPU
		{49725224-BCE1-4EE4-8CA1-C78C710190C3}.Release|x86.Build.0 = Release|Any CPU
		{6E42D2E7-8685-4E1A-927F-E1DBEE17405E}.Debug|Any CPU.ActiveCfg = Debug|Any CPU
		{6E42D2E7-8685-4E1A-927F-E1DBEE17405E}.Debug|Any CPU.Build.0 = Debug|Any CPU
		{6E42D2E7-8685-4E1A-927F-E1DBEE17405E}.Debug|x64.ActiveCfg = Debug|Any CPU
		{6E42D2E7-8685-4E1A-927F-E1DBEE17405E}.Debug|x64.Build.0 = Debug|Any CPU
		{6E42D2E7-8685-4E1A-927F-E1DBEE17405E}.Debug|x86.ActiveCfg = Debug|Any CPU
		{6E42D2E7-8685-4E1A-927F-E1DBEE17405E}.Debug|x86.Build.0 = Debug|Any CPU
		{6E42D2E7-8685-4E1A-927F-E1DBEE17405E}.Release|Any CPU.ActiveCfg = Release|Any CPU
		{6E42D2E7-8685-4E1A-927F-E1DBEE17405E}.Release|Any CPU.Build.0 = Release|Any CPU
		{6E42D2E7-8685-4E1A-927F-E1DBEE17405E}.Release|x64.ActiveCfg = Release|Any CPU
		{6E42D2E7-8685-4E1A-927F-E1DBEE17405E}.Release|x64.Build.0 = Release|Any CPU
		{6E42D2E7-8685-4E1A-927F-E1DBEE17405E}.Release|x86.ActiveCfg = Release|Any CPU
		{6E42D2E7-8685-4E1A-927F-E1DBEE17405E}.Release|x86.Build.0 = Release|Any CPU
		{6669258A-38E2-4DFC-9A4C-23FDCF8A38F2}.Debug|Any CPU.ActiveCfg = Debug|Any CPU
		{6669258A-38E2-4DFC-9A4C-23FDCF8A38F2}.Debug|Any CPU.Build.0 = Debug|Any CPU
		{6669258A-38E2-4DFC-9A4C-23FDCF8A38F2}.Debug|x64.ActiveCfg = Debug|Any CPU
		{6669258A-38E2-4DFC-9A4C-23FDCF8A38F2}.Debug|x64.Build.0 = Debug|Any CPU
		{6669258A-38E2-4DFC-9A4C-23FDCF8A38F2}.Debug|x86.ActiveCfg = Debug|Any CPU
		{6669258A-38E2-4DFC-9A4C-23FDCF8A38F2}.Debug|x86.Build.0 = Debug|Any CPU
		{6669258A-38E2-4DFC-9A4C-23FDCF8A38F2}.Release|Any CPU.ActiveCfg = Release|Any CPU
		{6669258A-38E2-4DFC-9A4C-23FDCF8A38F2}.Release|Any CPU.Build.0 = Release|Any CPU
		{6669258A-38E2-4DFC-9A4C-23FDCF8A38F2}.Release|x64.ActiveCfg = Release|Any CPU
		{6669258A-38E2-4DFC-9A4C-23FDCF8A38F2}.Release|x64.Build.0 = Release|Any CPU
		{6669258A-38E2-4DFC-9A4C-23FDCF8A38F2}.Release|x86.ActiveCfg = Release|Any CPU
		{6669258A-38E2-4DFC-9A4C-23FDCF8A38F2}.Release|x86.Build.0 = Release|Any CPU
		{45301D60-7332-4E92-A446-D9107CE8A55A}.Debug|Any CPU.ActiveCfg = Debug|Any CPU
		{45301D60-7332-4E92-A446-D9107CE8A55A}.Debug|Any CPU.Build.0 = Debug|Any CPU
		{45301D60-7332-4E92-A446-D9107CE8A55A}.Debug|x64.ActiveCfg = Debug|Any CPU
		{45301D60-7332-4E92-A446-D9107CE8A55A}.Debug|x64.Build.0 = Debug|Any CPU
		{45301D60-7332-4E92-A446-D9107CE8A55A}.Debug|x86.ActiveCfg = Debug|Any CPU
		{45301D60-7332-4E92-A446-D9107CE8A55A}.Debug|x86.Build.0 = Debug|Any CPU
		{45301D60-7332-4E92-A446-D9107CE8A55A}.Release|Any CPU.ActiveCfg = Release|Any CPU
		{45301D60-7332-4E92-A446-D9107CE8A55A}.Release|Any CPU.Build.0 = Release|Any CPU
		{45301D60-7332-4E92-A446-D9107CE8A55A}.Release|x64.ActiveCfg = Release|Any CPU
		{45301D60-7332-4E92-A446-D9107CE8A55A}.Release|x64.Build.0 = Release|Any CPU
		{45301D60-7332-4E92-A446-D9107CE8A55A}.Release|x86.ActiveCfg = Release|Any CPU
		{45301D60-7332-4E92-A446-D9107CE8A55A}.Release|x86.Build.0 = Release|Any CPU
		{13D05F75-0A03-4E5C-9D73-1DDC8DB8EA7B}.Debug|Any CPU.ActiveCfg = Debug|Any CPU
		{13D05F75-0A03-4E5C-9D73-1DDC8DB8EA7B}.Debug|Any CPU.Build.0 = Debug|Any CPU
		{13D05F75-0A03-4E5C-9D73-1DDC8DB8EA7B}.Debug|x64.ActiveCfg = Debug|Any CPU
		{13D05F75-0A03-4E5C-9D73-1DDC8DB8EA7B}.Debug|x64.Build.0 = Debug|Any CPU
		{13D05F75-0A03-4E5C-9D73-1DDC8DB8EA7B}.Debug|x86.ActiveCfg = Debug|Any CPU
		{13D05F75-0A03-4E5C-9D73-1DDC8DB8EA7B}.Debug|x86.Build.0 = Debug|Any CPU
		{13D05F75-0A03-4E5C-9D73-1DDC8DB8EA7B}.Release|Any CPU.ActiveCfg = Release|Any CPU
		{13D05F75-0A03-4E5C-9D73-1DDC8DB8EA7B}.Release|Any CPU.Build.0 = Release|Any CPU
		{13D05F75-0A03-4E5C-9D73-1DDC8DB8EA7B}.Release|x64.ActiveCfg = Release|Any CPU
		{13D05F75-0A03-4E5C-9D73-1DDC8DB8EA7B}.Release|x64.Build.0 = Release|Any CPU
		{13D05F75-0A03-4E5C-9D73-1DDC8DB8EA7B}.Release|x86.ActiveCfg = Release|Any CPU
		{13D05F75-0A03-4E5C-9D73-1DDC8DB8EA7B}.Release|x86.Build.0 = Release|Any CPU
		{936F8BC2-AFAF-4CB0-B800-C5ADB304EBE8}.Debug|Any CPU.ActiveCfg = Debug|Any CPU
		{936F8BC2-AFAF-4CB0-B800-C5ADB304EBE8}.Debug|Any CPU.Build.0 = Debug|Any CPU
		{936F8BC2-AFAF-4CB0-B800-C5ADB304EBE8}.Debug|x64.ActiveCfg = Debug|Any CPU
		{936F8BC2-AFAF-4CB0-B800-C5ADB304EBE8}.Debug|x64.Build.0 = Debug|Any CPU
		{936F8BC2-AFAF-4CB0-B800-C5ADB304EBE8}.Debug|x86.ActiveCfg = Debug|Any CPU
		{936F8BC2-AFAF-4CB0-B800-C5ADB304EBE8}.Debug|x86.Build.0 = Debug|Any CPU
		{936F8BC2-AFAF-4CB0-B800-C5ADB304EBE8}.Release|Any CPU.ActiveCfg = Release|Any CPU
		{936F8BC2-AFAF-4CB0-B800-C5ADB304EBE8}.Release|Any CPU.Build.0 = Release|Any CPU
		{936F8BC2-AFAF-4CB0-B800-C5ADB304EBE8}.Release|x64.ActiveCfg = Release|Any CPU
		{936F8BC2-AFAF-4CB0-B800-C5ADB304EBE8}.Release|x64.Build.0 = Release|Any CPU
		{936F8BC2-AFAF-4CB0-B800-C5ADB304EBE8}.Release|x86.ActiveCfg = Release|Any CPU
		{936F8BC2-AFAF-4CB0-B800-C5ADB304EBE8}.Release|x86.Build.0 = Release|Any CPU
		{0FDE4398-03B8-4D72-B6CA-C93A1C19186D}.Debug|Any CPU.ActiveCfg = Debug|Any CPU
		{0FDE4398-03B8-4D72-B6CA-C93A1C19186D}.Debug|Any CPU.Build.0 = Debug|Any CPU
		{0FDE4398-03B8-4D72-B6CA-C93A1C19186D}.Debug|x64.ActiveCfg = Debug|Any CPU
		{0FDE4398-03B8-4D72-B6CA-C93A1C19186D}.Debug|x64.Build.0 = Debug|Any CPU
		{0FDE4398-03B8-4D72-B6CA-C93A1C19186D}.Debug|x86.ActiveCfg = Debug|Any CPU
		{0FDE4398-03B8-4D72-B6CA-C93A1C19186D}.Debug|x86.Build.0 = Debug|Any CPU
		{0FDE4398-03B8-4D72-B6CA-C93A1C19186D}.Release|Any CPU.ActiveCfg = Release|Any CPU
		{0FDE4398-03B8-4D72-B6CA-C93A1C19186D}.Release|Any CPU.Build.0 = Release|Any CPU
		{0FDE4398-03B8-4D72-B6CA-C93A1C19186D}.Release|x64.ActiveCfg = Release|Any CPU
		{0FDE4398-03B8-4D72-B6CA-C93A1C19186D}.Release|x64.Build.0 = Release|Any CPU
		{0FDE4398-03B8-4D72-B6CA-C93A1C19186D}.Release|x86.ActiveCfg = Release|Any CPU
		{0FDE4398-03B8-4D72-B6CA-C93A1C19186D}.Release|x86.Build.0 = Release|Any CPU
		{18621919-B3B2-4561-A603-E0F23E4B47C1}.Debug|Any CPU.ActiveCfg = Debug|Any CPU
		{18621919-B3B2-4561-A603-E0F23E4B47C1}.Debug|Any CPU.Build.0 = Debug|Any CPU
		{18621919-B3B2-4561-A603-E0F23E4B47C1}.Debug|x64.ActiveCfg = Debug|Any CPU
		{18621919-B3B2-4561-A603-E0F23E4B47C1}.Debug|x64.Build.0 = Debug|Any CPU
		{18621919-B3B2-4561-A603-E0F23E4B47C1}.Debug|x86.ActiveCfg = Debug|Any CPU
		{18621919-B3B2-4561-A603-E0F23E4B47C1}.Debug|x86.Build.0 = Debug|Any CPU
		{18621919-B3B2-4561-A603-E0F23E4B47C1}.Release|Any CPU.ActiveCfg = Release|Any CPU
		{18621919-B3B2-4561-A603-E0F23E4B47C1}.Release|Any CPU.Build.0 = Release|Any CPU
		{18621919-B3B2-4561-A603-E0F23E4B47C1}.Release|x64.ActiveCfg = Release|Any CPU
		{18621919-B3B2-4561-A603-E0F23E4B47C1}.Release|x64.Build.0 = Release|Any CPU
		{18621919-B3B2-4561-A603-E0F23E4B47C1}.Release|x86.ActiveCfg = Release|Any CPU
		{18621919-B3B2-4561-A603-E0F23E4B47C1}.Release|x86.Build.0 = Release|Any CPU
		{43071152-0899-4DCE-BF7D-47526D3F9019}.Debug|Any CPU.ActiveCfg = Debug|Any CPU
		{43071152-0899-4DCE-BF7D-47526D3F9019}.Debug|Any CPU.Build.0 = Debug|Any CPU
		{43071152-0899-4DCE-BF7D-47526D3F9019}.Debug|x64.ActiveCfg = Debug|Any CPU
		{43071152-0899-4DCE-BF7D-47526D3F9019}.Debug|x64.Build.0 = Debug|Any CPU
		{43071152-0899-4DCE-BF7D-47526D3F9019}.Debug|x86.ActiveCfg = Debug|Any CPU
		{43071152-0899-4DCE-BF7D-47526D3F9019}.Debug|x86.Build.0 = Debug|Any CPU
		{43071152-0899-4DCE-BF7D-47526D3F9019}.Release|Any CPU.ActiveCfg = Release|Any CPU
		{43071152-0899-4DCE-BF7D-47526D3F9019}.Release|Any CPU.Build.0 = Release|Any CPU
		{43071152-0899-4DCE-BF7D-47526D3F9019}.Release|x64.ActiveCfg = Release|Any CPU
		{43071152-0899-4DCE-BF7D-47526D3F9019}.Release|x64.Build.0 = Release|Any CPU
		{43071152-0899-4DCE-BF7D-47526D3F9019}.Release|x86.ActiveCfg = Release|Any CPU
		{43071152-0899-4DCE-BF7D-47526D3F9019}.Release|x86.Build.0 = Release|Any CPU
		{4728AF9D-4F5C-427B-B93B-8AA627999E64}.Debug|Any CPU.ActiveCfg = Debug|Any CPU
		{4728AF9D-4F5C-427B-B93B-8AA627999E64}.Debug|Any CPU.Build.0 = Debug|Any CPU
		{4728AF9D-4F5C-427B-B93B-8AA627999E64}.Debug|x64.ActiveCfg = Debug|Any CPU
		{4728AF9D-4F5C-427B-B93B-8AA627999E64}.Debug|x64.Build.0 = Debug|Any CPU
		{4728AF9D-4F5C-427B-B93B-8AA627999E64}.Debug|x86.ActiveCfg = Debug|Any CPU
		{4728AF9D-4F5C-427B-B93B-8AA627999E64}.Debug|x86.Build.0 = Debug|Any CPU
		{4728AF9D-4F5C-427B-B93B-8AA627999E64}.Release|Any CPU.ActiveCfg = Release|Any CPU
		{4728AF9D-4F5C-427B-B93B-8AA627999E64}.Release|Any CPU.Build.0 = Release|Any CPU
		{4728AF9D-4F5C-427B-B93B-8AA627999E64}.Release|x64.ActiveCfg = Release|Any CPU
		{4728AF9D-4F5C-427B-B93B-8AA627999E64}.Release|x64.Build.0 = Release|Any CPU
		{4728AF9D-4F5C-427B-B93B-8AA627999E64}.Release|x86.ActiveCfg = Release|Any CPU
		{4728AF9D-4F5C-427B-B93B-8AA627999E64}.Release|x86.Build.0 = Release|Any CPU
		{92DEC953-56F4-4BE6-9CC9-00C023F462CE}.Debug|Any CPU.ActiveCfg = Debug|Any CPU
		{92DEC953-56F4-4BE6-9CC9-00C023F462CE}.Debug|Any CPU.Build.0 = Debug|Any CPU
		{92DEC953-56F4-4BE6-9CC9-00C023F462CE}.Debug|x64.ActiveCfg = Debug|Any CPU
		{92DEC953-56F4-4BE6-9CC9-00C023F462CE}.Debug|x64.Build.0 = Debug|Any CPU
		{92DEC953-56F4-4BE6-9CC9-00C023F462CE}.Debug|x86.ActiveCfg = Debug|Any CPU
		{92DEC953-56F4-4BE6-9CC9-00C023F462CE}.Debug|x86.Build.0 = Debug|Any CPU
		{92DEC953-56F4-4BE6-9CC9-00C023F462CE}.Release|Any CPU.ActiveCfg = Release|Any CPU
		{92DEC953-56F4-4BE6-9CC9-00C023F462CE}.Release|Any CPU.Build.0 = Release|Any CPU
		{92DEC953-56F4-4BE6-9CC9-00C023F462CE}.Release|x64.ActiveCfg = Release|Any CPU
		{92DEC953-56F4-4BE6-9CC9-00C023F462CE}.Release|x64.Build.0 = Release|Any CPU
		{92DEC953-56F4-4BE6-9CC9-00C023F462CE}.Release|x86.ActiveCfg = Release|Any CPU
		{92DEC953-56F4-4BE6-9CC9-00C023F462CE}.Release|x86.Build.0 = Release|Any CPU
		{17948664-A2EB-49C8-A2AB-A8F677B0F0D6}.Debug|Any CPU.ActiveCfg = Debug|Any CPU
		{17948664-A2EB-49C8-A2AB-A8F677B0F0D6}.Debug|Any CPU.Build.0 = Debug|Any CPU
		{17948664-A2EB-49C8-A2AB-A8F677B0F0D6}.Debug|x64.ActiveCfg = Debug|Any CPU
		{17948664-A2EB-49C8-A2AB-A8F677B0F0D6}.Debug|x64.Build.0 = Debug|Any CPU
		{17948664-A2EB-49C8-A2AB-A8F677B0F0D6}.Debug|x86.ActiveCfg = Debug|Any CPU
		{17948664-A2EB-49C8-A2AB-A8F677B0F0D6}.Debug|x86.Build.0 = Debug|Any CPU
		{17948664-A2EB-49C8-A2AB-A8F677B0F0D6}.Release|Any CPU.ActiveCfg = Release|Any CPU
		{17948664-A2EB-49C8-A2AB-A8F677B0F0D6}.Release|Any CPU.Build.0 = Release|Any CPU
		{17948664-A2EB-49C8-A2AB-A8F677B0F0D6}.Release|x64.ActiveCfg = Release|Any CPU
		{17948664-A2EB-49C8-A2AB-A8F677B0F0D6}.Release|x64.Build.0 = Release|Any CPU
		{17948664-A2EB-49C8-A2AB-A8F677B0F0D6}.Release|x86.ActiveCfg = Release|Any CPU
		{17948664-A2EB-49C8-A2AB-A8F677B0F0D6}.Release|x86.Build.0 = Release|Any CPU
		{C0D49878-E7C1-43E4-9E83-5F58C2C82575}.Debug|Any CPU.ActiveCfg = Debug|Any CPU
		{C0D49878-E7C1-43E4-9E83-5F58C2C82575}.Debug|Any CPU.Build.0 = Debug|Any CPU
		{C0D49878-E7C1-43E4-9E83-5F58C2C82575}.Debug|x64.ActiveCfg = Debug|Any CPU
		{C0D49878-E7C1-43E4-9E83-5F58C2C82575}.Debug|x64.Build.0 = Debug|Any CPU
		{C0D49878-E7C1-43E4-9E83-5F58C2C82575}.Debug|x86.ActiveCfg = Debug|Any CPU
		{C0D49878-E7C1-43E4-9E83-5F58C2C82575}.Debug|x86.Build.0 = Debug|Any CPU
		{C0D49878-E7C1-43E4-9E83-5F58C2C82575}.Release|Any CPU.ActiveCfg = Release|Any CPU
		{C0D49878-E7C1-43E4-9E83-5F58C2C82575}.Release|Any CPU.Build.0 = Release|Any CPU
		{C0D49878-E7C1-43E4-9E83-5F58C2C82575}.Release|x64.ActiveCfg = Release|Any CPU
		{C0D49878-E7C1-43E4-9E83-5F58C2C82575}.Release|x64.Build.0 = Release|Any CPU
		{C0D49878-E7C1-43E4-9E83-5F58C2C82575}.Release|x86.ActiveCfg = Release|Any CPU
		{C0D49878-E7C1-43E4-9E83-5F58C2C82575}.Release|x86.Build.0 = Release|Any CPU
		{B1152B15-3405-428A-AA7C-F656873D7401}.Debug|Any CPU.ActiveCfg = Debug|Any CPU
		{B1152B15-3405-428A-AA7C-F656873D7401}.Debug|Any CPU.Build.0 = Debug|Any CPU
		{B1152B15-3405-428A-AA7C-F656873D7401}.Debug|x64.ActiveCfg = Debug|Any CPU
		{B1152B15-3405-428A-AA7C-F656873D7401}.Debug|x64.Build.0 = Debug|Any CPU
		{B1152B15-3405-428A-AA7C-F656873D7401}.Debug|x86.ActiveCfg = Debug|Any CPU
		{B1152B15-3405-428A-AA7C-F656873D7401}.Debug|x86.Build.0 = Debug|Any CPU
		{B1152B15-3405-428A-AA7C-F656873D7401}.Release|Any CPU.ActiveCfg = Release|Any CPU
		{B1152B15-3405-428A-AA7C-F656873D7401}.Release|Any CPU.Build.0 = Release|Any CPU
		{B1152B15-3405-428A-AA7C-F656873D7401}.Release|x64.ActiveCfg = Release|Any CPU
		{B1152B15-3405-428A-AA7C-F656873D7401}.Release|x64.Build.0 = Release|Any CPU
		{B1152B15-3405-428A-AA7C-F656873D7401}.Release|x86.ActiveCfg = Release|Any CPU
		{B1152B15-3405-428A-AA7C-F656873D7401}.Release|x86.Build.0 = Release|Any CPU
		{C9585E1B-BC2C-418B-8ECC-A1BA1DD503B0}.Debug|Any CPU.ActiveCfg = Debug|Any CPU
		{C9585E1B-BC2C-418B-8ECC-A1BA1DD503B0}.Debug|Any CPU.Build.0 = Debug|Any CPU
		{C9585E1B-BC2C-418B-8ECC-A1BA1DD503B0}.Debug|x64.ActiveCfg = Debug|Any CPU
		{C9585E1B-BC2C-418B-8ECC-A1BA1DD503B0}.Debug|x64.Build.0 = Debug|Any CPU
		{C9585E1B-BC2C-418B-8ECC-A1BA1DD503B0}.Debug|x86.ActiveCfg = Debug|Any CPU
		{C9585E1B-BC2C-418B-8ECC-A1BA1DD503B0}.Debug|x86.Build.0 = Debug|Any CPU
		{C9585E1B-BC2C-418B-8ECC-A1BA1DD503B0}.Release|Any CPU.ActiveCfg = Release|Any CPU
		{C9585E1B-BC2C-418B-8ECC-A1BA1DD503B0}.Release|Any CPU.Build.0 = Release|Any CPU
		{C9585E1B-BC2C-418B-8ECC-A1BA1DD503B0}.Release|x64.ActiveCfg = Release|Any CPU
		{C9585E1B-BC2C-418B-8ECC-A1BA1DD503B0}.Release|x64.Build.0 = Release|Any CPU
		{C9585E1B-BC2C-418B-8ECC-A1BA1DD503B0}.Release|x86.ActiveCfg = Release|Any CPU
		{C9585E1B-BC2C-418B-8ECC-A1BA1DD503B0}.Release|x86.Build.0 = Release|Any CPU
		{D5137F46-7690-415F-BDFF-638B12379C82}.Debug|Any CPU.ActiveCfg = Debug|Any CPU
		{D5137F46-7690-415F-BDFF-638B12379C82}.Debug|Any CPU.Build.0 = Debug|Any CPU
		{D5137F46-7690-415F-BDFF-638B12379C82}.Debug|x64.ActiveCfg = Debug|Any CPU
		{D5137F46-7690-415F-BDFF-638B12379C82}.Debug|x64.Build.0 = Debug|Any CPU
		{D5137F46-7690-415F-BDFF-638B12379C82}.Debug|x86.ActiveCfg = Debug|Any CPU
		{D5137F46-7690-415F-BDFF-638B12379C82}.Debug|x86.Build.0 = Debug|Any CPU
		{D5137F46-7690-415F-BDFF-638B12379C82}.Release|Any CPU.ActiveCfg = Release|Any CPU
		{D5137F46-7690-415F-BDFF-638B12379C82}.Release|Any CPU.Build.0 = Release|Any CPU
		{D5137F46-7690-415F-BDFF-638B12379C82}.Release|x64.ActiveCfg = Release|Any CPU
		{D5137F46-7690-415F-BDFF-638B12379C82}.Release|x64.Build.0 = Release|Any CPU
		{D5137F46-7690-415F-BDFF-638B12379C82}.Release|x86.ActiveCfg = Release|Any CPU
		{D5137F46-7690-415F-BDFF-638B12379C82}.Release|x86.Build.0 = Release|Any CPU
		{8E1A7378-DAB2-4319-A5A8-9879C961DBB4}.Debug|Any CPU.ActiveCfg = Debug|Any CPU
		{8E1A7378-DAB2-4319-A5A8-9879C961DBB4}.Debug|Any CPU.Build.0 = Debug|Any CPU
		{8E1A7378-DAB2-4319-A5A8-9879C961DBB4}.Debug|x64.ActiveCfg = Debug|Any CPU
		{8E1A7378-DAB2-4319-A5A8-9879C961DBB4}.Debug|x64.Build.0 = Debug|Any CPU
		{8E1A7378-DAB2-4319-A5A8-9879C961DBB4}.Debug|x86.ActiveCfg = Debug|Any CPU
		{8E1A7378-DAB2-4319-A5A8-9879C961DBB4}.Debug|x86.Build.0 = Debug|Any CPU
		{8E1A7378-DAB2-4319-A5A8-9879C961DBB4}.Release|Any CPU.ActiveCfg = Release|Any CPU
		{8E1A7378-DAB2-4319-A5A8-9879C961DBB4}.Release|Any CPU.Build.0 = Release|Any CPU
		{8E1A7378-DAB2-4319-A5A8-9879C961DBB4}.Release|x64.ActiveCfg = Release|Any CPU
		{8E1A7378-DAB2-4319-A5A8-9879C961DBB4}.Release|x64.Build.0 = Release|Any CPU
		{8E1A7378-DAB2-4319-A5A8-9879C961DBB4}.Release|x86.ActiveCfg = Release|Any CPU
		{8E1A7378-DAB2-4319-A5A8-9879C961DBB4}.Release|x86.Build.0 = Release|Any CPU
		{A52C1293-93A7-443A-A41B-47307371C317}.Debug|Any CPU.ActiveCfg = Debug|Any CPU
		{A52C1293-93A7-443A-A41B-47307371C317}.Debug|Any CPU.Build.0 = Debug|Any CPU
		{A52C1293-93A7-443A-A41B-47307371C317}.Debug|x64.ActiveCfg = Debug|Any CPU
		{A52C1293-93A7-443A-A41B-47307371C317}.Debug|x64.Build.0 = Debug|Any CPU
		{A52C1293-93A7-443A-A41B-47307371C317}.Debug|x86.ActiveCfg = Debug|Any CPU
		{A52C1293-93A7-443A-A41B-47307371C317}.Debug|x86.Build.0 = Debug|Any CPU
		{A52C1293-93A7-443A-A41B-47307371C317}.Release|Any CPU.ActiveCfg = Release|Any CPU
		{A52C1293-93A7-443A-A41B-47307371C317}.Release|Any CPU.Build.0 = Release|Any CPU
		{A52C1293-93A7-443A-A41B-47307371C317}.Release|x64.ActiveCfg = Release|Any CPU
		{A52C1293-93A7-443A-A41B-47307371C317}.Release|x64.Build.0 = Release|Any CPU
		{A52C1293-93A7-443A-A41B-47307371C317}.Release|x86.ActiveCfg = Release|Any CPU
		{A52C1293-93A7-443A-A41B-47307371C317}.Release|x86.Build.0 = Release|Any CPU
		{92DAC378-7358-4987-8CD1-ABF6A2893F18}.Debug|Any CPU.ActiveCfg = Debug|Any CPU
		{92DAC378-7358-4987-8CD1-ABF6A2893F18}.Debug|Any CPU.Build.0 = Debug|Any CPU
		{92DAC378-7358-4987-8CD1-ABF6A2893F18}.Debug|x64.ActiveCfg = Debug|Any CPU
		{92DAC378-7358-4987-8CD1-ABF6A2893F18}.Debug|x64.Build.0 = Debug|Any CPU
		{92DAC378-7358-4987-8CD1-ABF6A2893F18}.Debug|x86.ActiveCfg = Debug|Any CPU
		{92DAC378-7358-4987-8CD1-ABF6A2893F18}.Debug|x86.Build.0 = Debug|Any CPU
		{92DAC378-7358-4987-8CD1-ABF6A2893F18}.Release|Any CPU.ActiveCfg = Release|Any CPU
		{92DAC378-7358-4987-8CD1-ABF6A2893F18}.Release|Any CPU.Build.0 = Release|Any CPU
		{92DAC378-7358-4987-8CD1-ABF6A2893F18}.Release|x64.ActiveCfg = Release|Any CPU
		{92DAC378-7358-4987-8CD1-ABF6A2893F18}.Release|x64.Build.0 = Release|Any CPU
		{92DAC378-7358-4987-8CD1-ABF6A2893F18}.Release|x86.ActiveCfg = Release|Any CPU
		{92DAC378-7358-4987-8CD1-ABF6A2893F18}.Release|x86.Build.0 = Release|Any CPU
		{7D0CDF9D-85AB-4241-BEFD-301A36CA2E96}.Debug|Any CPU.ActiveCfg = Debug|Any CPU
		{7D0CDF9D-85AB-4241-BEFD-301A36CA2E96}.Debug|Any CPU.Build.0 = Debug|Any CPU
		{7D0CDF9D-85AB-4241-BEFD-301A36CA2E96}.Debug|x64.ActiveCfg = Debug|Any CPU
		{7D0CDF9D-85AB-4241-BEFD-301A36CA2E96}.Debug|x64.Build.0 = Debug|Any CPU
		{7D0CDF9D-85AB-4241-BEFD-301A36CA2E96}.Debug|x86.ActiveCfg = Debug|Any CPU
		{7D0CDF9D-85AB-4241-BEFD-301A36CA2E96}.Debug|x86.Build.0 = Debug|Any CPU
		{7D0CDF9D-85AB-4241-BEFD-301A36CA2E96}.Release|Any CPU.ActiveCfg = Release|Any CPU
		{7D0CDF9D-85AB-4241-BEFD-301A36CA2E96}.Release|Any CPU.Build.0 = Release|Any CPU
		{7D0CDF9D-85AB-4241-BEFD-301A36CA2E96}.Release|x64.ActiveCfg = Release|Any CPU
		{7D0CDF9D-85AB-4241-BEFD-301A36CA2E96}.Release|x64.Build.0 = Release|Any CPU
		{7D0CDF9D-85AB-4241-BEFD-301A36CA2E96}.Release|x86.ActiveCfg = Release|Any CPU
		{7D0CDF9D-85AB-4241-BEFD-301A36CA2E96}.Release|x86.Build.0 = Release|Any CPU
		{0A5E7FC1-1875-4562-8E0A-375AF5CFF454}.Debug|Any CPU.ActiveCfg = Debug|Any CPU
		{0A5E7FC1-1875-4562-8E0A-375AF5CFF454}.Debug|Any CPU.Build.0 = Debug|Any CPU
		{0A5E7FC1-1875-4562-8E0A-375AF5CFF454}.Debug|x64.ActiveCfg = Debug|Any CPU
		{0A5E7FC1-1875-4562-8E0A-375AF5CFF454}.Debug|x64.Build.0 = Debug|Any CPU
		{0A5E7FC1-1875-4562-8E0A-375AF5CFF454}.Debug|x86.ActiveCfg = Debug|Any CPU
		{0A5E7FC1-1875-4562-8E0A-375AF5CFF454}.Debug|x86.Build.0 = Debug|Any CPU
		{0A5E7FC1-1875-4562-8E0A-375AF5CFF454}.Release|Any CPU.ActiveCfg = Release|Any CPU
		{0A5E7FC1-1875-4562-8E0A-375AF5CFF454}.Release|Any CPU.Build.0 = Release|Any CPU
		{0A5E7FC1-1875-4562-8E0A-375AF5CFF454}.Release|x64.ActiveCfg = Release|Any CPU
		{0A5E7FC1-1875-4562-8E0A-375AF5CFF454}.Release|x64.Build.0 = Release|Any CPU
		{0A5E7FC1-1875-4562-8E0A-375AF5CFF454}.Release|x86.ActiveCfg = Release|Any CPU
		{0A5E7FC1-1875-4562-8E0A-375AF5CFF454}.Release|x86.Build.0 = Release|Any CPU
		{63D90846-A209-4984-968C-E19BE3347440}.Debug|Any CPU.ActiveCfg = Debug|Any CPU
		{63D90846-A209-4984-968C-E19BE3347440}.Debug|Any CPU.Build.0 = Debug|Any CPU
		{63D90846-A209-4984-968C-E19BE3347440}.Debug|x64.ActiveCfg = Debug|Any CPU
		{63D90846-A209-4984-968C-E19BE3347440}.Debug|x64.Build.0 = Debug|Any CPU
		{63D90846-A209-4984-968C-E19BE3347440}.Debug|x86.ActiveCfg = Debug|Any CPU
		{63D90846-A209-4984-968C-E19BE3347440}.Debug|x86.Build.0 = Debug|Any CPU
		{63D90846-A209-4984-968C-E19BE3347440}.Release|Any CPU.ActiveCfg = Release|Any CPU
		{63D90846-A209-4984-968C-E19BE3347440}.Release|Any CPU.Build.0 = Release|Any CPU
		{63D90846-A209-4984-968C-E19BE3347440}.Release|x64.ActiveCfg = Release|Any CPU
		{63D90846-A209-4984-968C-E19BE3347440}.Release|x64.Build.0 = Release|Any CPU
		{63D90846-A209-4984-968C-E19BE3347440}.Release|x86.ActiveCfg = Release|Any CPU
		{63D90846-A209-4984-968C-E19BE3347440}.Release|x86.Build.0 = Release|Any CPU
		{DE1BC4F1-4332-43E8-A64C-CE8413F90346}.Debug|Any CPU.ActiveCfg = Debug|Any CPU
		{DE1BC4F1-4332-43E8-A64C-CE8413F90346}.Debug|Any CPU.Build.0 = Debug|Any CPU
		{DE1BC4F1-4332-43E8-A64C-CE8413F90346}.Debug|x64.ActiveCfg = Debug|Any CPU
		{DE1BC4F1-4332-43E8-A64C-CE8413F90346}.Debug|x64.Build.0 = Debug|Any CPU
		{DE1BC4F1-4332-43E8-A64C-CE8413F90346}.Debug|x86.ActiveCfg = Debug|Any CPU
		{DE1BC4F1-4332-43E8-A64C-CE8413F90346}.Debug|x86.Build.0 = Debug|Any CPU
		{DE1BC4F1-4332-43E8-A64C-CE8413F90346}.Release|Any CPU.ActiveCfg = Release|Any CPU
		{DE1BC4F1-4332-43E8-A64C-CE8413F90346}.Release|Any CPU.Build.0 = Release|Any CPU
		{DE1BC4F1-4332-43E8-A64C-CE8413F90346}.Release|x64.ActiveCfg = Release|Any CPU
		{DE1BC4F1-4332-43E8-A64C-CE8413F90346}.Release|x64.Build.0 = Release|Any CPU
		{DE1BC4F1-4332-43E8-A64C-CE8413F90346}.Release|x86.ActiveCfg = Release|Any CPU
		{DE1BC4F1-4332-43E8-A64C-CE8413F90346}.Release|x86.Build.0 = Release|Any CPU
		{1CA74916-970D-4F72-A596-22A20BA41139}.Debug|Any CPU.ActiveCfg = Debug|Any CPU
		{1CA74916-970D-4F72-A596-22A20BA41139}.Debug|Any CPU.Build.0 = Debug|Any CPU
		{1CA74916-970D-4F72-A596-22A20BA41139}.Debug|x64.ActiveCfg = Debug|Any CPU
		{1CA74916-970D-4F72-A596-22A20BA41139}.Debug|x64.Build.0 = Debug|Any CPU
		{1CA74916-970D-4F72-A596-22A20BA41139}.Debug|x86.ActiveCfg = Debug|Any CPU
		{1CA74916-970D-4F72-A596-22A20BA41139}.Debug|x86.Build.0 = Debug|Any CPU
		{1CA74916-970D-4F72-A596-22A20BA41139}.Release|Any CPU.ActiveCfg = Release|Any CPU
		{1CA74916-970D-4F72-A596-22A20BA41139}.Release|Any CPU.Build.0 = Release|Any CPU
		{1CA74916-970D-4F72-A596-22A20BA41139}.Release|x64.ActiveCfg = Release|Any CPU
		{1CA74916-970D-4F72-A596-22A20BA41139}.Release|x64.Build.0 = Release|Any CPU
		{1CA74916-970D-4F72-A596-22A20BA41139}.Release|x86.ActiveCfg = Release|Any CPU
		{1CA74916-970D-4F72-A596-22A20BA41139}.Release|x86.Build.0 = Release|Any CPU
		{BBFD5E4D-582C-4616-B61B-157399E25846}.Debug|Any CPU.ActiveCfg = Debug|Any CPU
		{BBFD5E4D-582C-4616-B61B-157399E25846}.Debug|Any CPU.Build.0 = Debug|Any CPU
		{BBFD5E4D-582C-4616-B61B-157399E25846}.Debug|x64.ActiveCfg = Debug|Any CPU
		{BBFD5E4D-582C-4616-B61B-157399E25846}.Debug|x64.Build.0 = Debug|Any CPU
		{BBFD5E4D-582C-4616-B61B-157399E25846}.Debug|x86.ActiveCfg = Debug|Any CPU
		{BBFD5E4D-582C-4616-B61B-157399E25846}.Debug|x86.Build.0 = Debug|Any CPU
		{BBFD5E4D-582C-4616-B61B-157399E25846}.Release|Any CPU.ActiveCfg = Release|Any CPU
		{BBFD5E4D-582C-4616-B61B-157399E25846}.Release|Any CPU.Build.0 = Release|Any CPU
		{BBFD5E4D-582C-4616-B61B-157399E25846}.Release|x64.ActiveCfg = Release|Any CPU
		{BBFD5E4D-582C-4616-B61B-157399E25846}.Release|x64.Build.0 = Release|Any CPU
		{BBFD5E4D-582C-4616-B61B-157399E25846}.Release|x86.ActiveCfg = Release|Any CPU
		{BBFD5E4D-582C-4616-B61B-157399E25846}.Release|x86.Build.0 = Release|Any CPU
		{4F0FE337-AE2C-45F8-90AB-AB8742D02E35}.Debug|Any CPU.ActiveCfg = Debug|Any CPU
		{4F0FE337-AE2C-45F8-90AB-AB8742D02E35}.Debug|Any CPU.Build.0 = Debug|Any CPU
		{4F0FE337-AE2C-45F8-90AB-AB8742D02E35}.Debug|x64.ActiveCfg = Debug|Any CPU
		{4F0FE337-AE2C-45F8-90AB-AB8742D02E35}.Debug|x64.Build.0 = Debug|Any CPU
		{4F0FE337-AE2C-45F8-90AB-AB8742D02E35}.Debug|x86.ActiveCfg = Debug|Any CPU
		{4F0FE337-AE2C-45F8-90AB-AB8742D02E35}.Debug|x86.Build.0 = Debug|Any CPU
		{4F0FE337-AE2C-45F8-90AB-AB8742D02E35}.Release|Any CPU.ActiveCfg = Release|Any CPU
		{4F0FE337-AE2C-45F8-90AB-AB8742D02E35}.Release|Any CPU.Build.0 = Release|Any CPU
		{4F0FE337-AE2C-45F8-90AB-AB8742D02E35}.Release|x64.ActiveCfg = Release|Any CPU
		{4F0FE337-AE2C-45F8-90AB-AB8742D02E35}.Release|x64.Build.0 = Release|Any CPU
		{4F0FE337-AE2C-45F8-90AB-AB8742D02E35}.Release|x86.ActiveCfg = Release|Any CPU
		{4F0FE337-AE2C-45F8-90AB-AB8742D02E35}.Release|x86.Build.0 = Release|Any CPU
		{B83C5F40-2B52-4523-AE5D-54B9509F2396}.Debug|Any CPU.ActiveCfg = Debug|Any CPU
		{B83C5F40-2B52-4523-AE5D-54B9509F2396}.Debug|Any CPU.Build.0 = Debug|Any CPU
		{B83C5F40-2B52-4523-AE5D-54B9509F2396}.Debug|x64.ActiveCfg = Debug|Any CPU
		{B83C5F40-2B52-4523-AE5D-54B9509F2396}.Debug|x64.Build.0 = Debug|Any CPU
		{B83C5F40-2B52-4523-AE5D-54B9509F2396}.Debug|x86.ActiveCfg = Debug|Any CPU
		{B83C5F40-2B52-4523-AE5D-54B9509F2396}.Debug|x86.Build.0 = Debug|Any CPU
		{B83C5F40-2B52-4523-AE5D-54B9509F2396}.Release|Any CPU.ActiveCfg = Release|Any CPU
		{B83C5F40-2B52-4523-AE5D-54B9509F2396}.Release|Any CPU.Build.0 = Release|Any CPU
		{B83C5F40-2B52-4523-AE5D-54B9509F2396}.Release|x64.ActiveCfg = Release|Any CPU
		{B83C5F40-2B52-4523-AE5D-54B9509F2396}.Release|x64.Build.0 = Release|Any CPU
		{B83C5F40-2B52-4523-AE5D-54B9509F2396}.Release|x86.ActiveCfg = Release|Any CPU
		{B83C5F40-2B52-4523-AE5D-54B9509F2396}.Release|x86.Build.0 = Release|Any CPU
		{DD45B7FB-E75C-4BF6-9D91-786479996C9E}.Debug|Any CPU.ActiveCfg = Debug|Any CPU
		{DD45B7FB-E75C-4BF6-9D91-786479996C9E}.Debug|Any CPU.Build.0 = Debug|Any CPU
		{DD45B7FB-E75C-4BF6-9D91-786479996C9E}.Debug|x64.ActiveCfg = Debug|Any CPU
		{DD45B7FB-E75C-4BF6-9D91-786479996C9E}.Debug|x64.Build.0 = Debug|Any CPU
		{DD45B7FB-E75C-4BF6-9D91-786479996C9E}.Debug|x86.ActiveCfg = Debug|Any CPU
		{DD45B7FB-E75C-4BF6-9D91-786479996C9E}.Debug|x86.Build.0 = Debug|Any CPU
		{DD45B7FB-E75C-4BF6-9D91-786479996C9E}.Release|Any CPU.ActiveCfg = Release|Any CPU
		{DD45B7FB-E75C-4BF6-9D91-786479996C9E}.Release|Any CPU.Build.0 = Release|Any CPU
		{DD45B7FB-E75C-4BF6-9D91-786479996C9E}.Release|x64.ActiveCfg = Release|Any CPU
		{DD45B7FB-E75C-4BF6-9D91-786479996C9E}.Release|x64.Build.0 = Release|Any CPU
		{DD45B7FB-E75C-4BF6-9D91-786479996C9E}.Release|x86.ActiveCfg = Release|Any CPU
		{DD45B7FB-E75C-4BF6-9D91-786479996C9E}.Release|x86.Build.0 = Release|Any CPU
		{B0700BCE-56F9-46D3-B475-743A3FDD0289}.Debug|Any CPU.ActiveCfg = Debug|Any CPU
		{B0700BCE-56F9-46D3-B475-743A3FDD0289}.Debug|Any CPU.Build.0 = Debug|Any CPU
		{B0700BCE-56F9-46D3-B475-743A3FDD0289}.Debug|x64.ActiveCfg = Debug|Any CPU
		{B0700BCE-56F9-46D3-B475-743A3FDD0289}.Debug|x64.Build.0 = Debug|Any CPU
		{B0700BCE-56F9-46D3-B475-743A3FDD0289}.Debug|x86.ActiveCfg = Debug|Any CPU
		{B0700BCE-56F9-46D3-B475-743A3FDD0289}.Debug|x86.Build.0 = Debug|Any CPU
		{B0700BCE-56F9-46D3-B475-743A3FDD0289}.Release|Any CPU.ActiveCfg = Release|Any CPU
		{B0700BCE-56F9-46D3-B475-743A3FDD0289}.Release|Any CPU.Build.0 = Release|Any CPU
		{B0700BCE-56F9-46D3-B475-743A3FDD0289}.Release|x64.ActiveCfg = Release|Any CPU
		{B0700BCE-56F9-46D3-B475-743A3FDD0289}.Release|x64.Build.0 = Release|Any CPU
		{B0700BCE-56F9-46D3-B475-743A3FDD0289}.Release|x86.ActiveCfg = Release|Any CPU
		{B0700BCE-56F9-46D3-B475-743A3FDD0289}.Release|x86.Build.0 = Release|Any CPU
		{20A45ACA-CD20-4B9B-A170-567877BDE1F0}.Debug|Any CPU.ActiveCfg = Debug|Any CPU
		{20A45ACA-CD20-4B9B-A170-567877BDE1F0}.Debug|Any CPU.Build.0 = Debug|Any CPU
		{20A45ACA-CD20-4B9B-A170-567877BDE1F0}.Debug|x64.ActiveCfg = Debug|Any CPU
		{20A45ACA-CD20-4B9B-A170-567877BDE1F0}.Debug|x64.Build.0 = Debug|Any CPU
		{20A45ACA-CD20-4B9B-A170-567877BDE1F0}.Debug|x86.ActiveCfg = Debug|Any CPU
		{20A45ACA-CD20-4B9B-A170-567877BDE1F0}.Debug|x86.Build.0 = Debug|Any CPU
		{20A45ACA-CD20-4B9B-A170-567877BDE1F0}.Release|Any CPU.ActiveCfg = Release|Any CPU
		{20A45ACA-CD20-4B9B-A170-567877BDE1F0}.Release|Any CPU.Build.0 = Release|Any CPU
		{20A45ACA-CD20-4B9B-A170-567877BDE1F0}.Release|x64.ActiveCfg = Release|Any CPU
		{20A45ACA-CD20-4B9B-A170-567877BDE1F0}.Release|x64.Build.0 = Release|Any CPU
		{20A45ACA-CD20-4B9B-A170-567877BDE1F0}.Release|x86.ActiveCfg = Release|Any CPU
		{20A45ACA-CD20-4B9B-A170-567877BDE1F0}.Release|x86.Build.0 = Release|Any CPU
		{C95E7D9A-5ABB-4AC7-A644-E70274B935EC}.Debug|Any CPU.ActiveCfg = Debug|Any CPU
		{C95E7D9A-5ABB-4AC7-A644-E70274B935EC}.Debug|Any CPU.Build.0 = Debug|Any CPU
		{C95E7D9A-5ABB-4AC7-A644-E70274B935EC}.Debug|x64.ActiveCfg = Debug|Any CPU
		{C95E7D9A-5ABB-4AC7-A644-E70274B935EC}.Debug|x64.Build.0 = Debug|Any CPU
		{C95E7D9A-5ABB-4AC7-A644-E70274B935EC}.Debug|x86.ActiveCfg = Debug|Any CPU
		{C95E7D9A-5ABB-4AC7-A644-E70274B935EC}.Debug|x86.Build.0 = Debug|Any CPU
		{C95E7D9A-5ABB-4AC7-A644-E70274B935EC}.Release|Any CPU.ActiveCfg = Release|Any CPU
		{C95E7D9A-5ABB-4AC7-A644-E70274B935EC}.Release|Any CPU.Build.0 = Release|Any CPU
		{C95E7D9A-5ABB-4AC7-A644-E70274B935EC}.Release|x64.ActiveCfg = Release|Any CPU
		{C95E7D9A-5ABB-4AC7-A644-E70274B935EC}.Release|x64.Build.0 = Release|Any CPU
		{C95E7D9A-5ABB-4AC7-A644-E70274B935EC}.Release|x86.ActiveCfg = Release|Any CPU
		{C95E7D9A-5ABB-4AC7-A644-E70274B935EC}.Release|x86.Build.0 = Release|Any CPU
		{65896D61-411D-4739-9258-7CD75B0CADD0}.Debug|Any CPU.ActiveCfg = Debug|Any CPU
		{65896D61-411D-4739-9258-7CD75B0CADD0}.Debug|Any CPU.Build.0 = Debug|Any CPU
		{65896D61-411D-4739-9258-7CD75B0CADD0}.Debug|x64.ActiveCfg = Debug|Any CPU
		{65896D61-411D-4739-9258-7CD75B0CADD0}.Debug|x64.Build.0 = Debug|Any CPU
		{65896D61-411D-4739-9258-7CD75B0CADD0}.Debug|x86.ActiveCfg = Debug|Any CPU
		{65896D61-411D-4739-9258-7CD75B0CADD0}.Debug|x86.Build.0 = Debug|Any CPU
		{65896D61-411D-4739-9258-7CD75B0CADD0}.Release|Any CPU.ActiveCfg = Release|Any CPU
		{65896D61-411D-4739-9258-7CD75B0CADD0}.Release|Any CPU.Build.0 = Release|Any CPU
		{65896D61-411D-4739-9258-7CD75B0CADD0}.Release|x64.ActiveCfg = Release|Any CPU
		{65896D61-411D-4739-9258-7CD75B0CADD0}.Release|x64.Build.0 = Release|Any CPU
		{65896D61-411D-4739-9258-7CD75B0CADD0}.Release|x86.ActiveCfg = Release|Any CPU
		{65896D61-411D-4739-9258-7CD75B0CADD0}.Release|x86.Build.0 = Release|Any CPU
		{B4DF93B7-36BB-40DD-B9E1-A3CC711756DE}.Debug|Any CPU.ActiveCfg = Debug|Any CPU
		{B4DF93B7-36BB-40DD-B9E1-A3CC711756DE}.Debug|Any CPU.Build.0 = Debug|Any CPU
		{B4DF93B7-36BB-40DD-B9E1-A3CC711756DE}.Debug|x64.ActiveCfg = Debug|Any CPU
		{B4DF93B7-36BB-40DD-B9E1-A3CC711756DE}.Debug|x64.Build.0 = Debug|Any CPU
		{B4DF93B7-36BB-40DD-B9E1-A3CC711756DE}.Debug|x86.ActiveCfg = Debug|Any CPU
		{B4DF93B7-36BB-40DD-B9E1-A3CC711756DE}.Debug|x86.Build.0 = Debug|Any CPU
		{B4DF93B7-36BB-40DD-B9E1-A3CC711756DE}.Release|Any CPU.ActiveCfg = Release|Any CPU
		{B4DF93B7-36BB-40DD-B9E1-A3CC711756DE}.Release|Any CPU.Build.0 = Release|Any CPU
		{B4DF93B7-36BB-40DD-B9E1-A3CC711756DE}.Release|x64.ActiveCfg = Release|Any CPU
		{B4DF93B7-36BB-40DD-B9E1-A3CC711756DE}.Release|x64.Build.0 = Release|Any CPU
		{B4DF93B7-36BB-40DD-B9E1-A3CC711756DE}.Release|x86.ActiveCfg = Release|Any CPU
		{B4DF93B7-36BB-40DD-B9E1-A3CC711756DE}.Release|x86.Build.0 = Release|Any CPU
		{DCB1BE7E-5A93-45AF-A9C7-40D8B174AEA8}.Debug|Any CPU.ActiveCfg = Debug|Any CPU
		{DCB1BE7E-5A93-45AF-A9C7-40D8B174AEA8}.Debug|Any CPU.Build.0 = Debug|Any CPU
		{DCB1BE7E-5A93-45AF-A9C7-40D8B174AEA8}.Debug|x64.ActiveCfg = Debug|Any CPU
		{DCB1BE7E-5A93-45AF-A9C7-40D8B174AEA8}.Debug|x64.Build.0 = Debug|Any CPU
		{DCB1BE7E-5A93-45AF-A9C7-40D8B174AEA8}.Debug|x86.ActiveCfg = Debug|Any CPU
		{DCB1BE7E-5A93-45AF-A9C7-40D8B174AEA8}.Debug|x86.Build.0 = Debug|Any CPU
		{DCB1BE7E-5A93-45AF-A9C7-40D8B174AEA8}.Release|Any CPU.ActiveCfg = Release|Any CPU
		{DCB1BE7E-5A93-45AF-A9C7-40D8B174AEA8}.Release|Any CPU.Build.0 = Release|Any CPU
		{DCB1BE7E-5A93-45AF-A9C7-40D8B174AEA8}.Release|x64.ActiveCfg = Release|Any CPU
		{DCB1BE7E-5A93-45AF-A9C7-40D8B174AEA8}.Release|x64.Build.0 = Release|Any CPU
		{DCB1BE7E-5A93-45AF-A9C7-40D8B174AEA8}.Release|x86.ActiveCfg = Release|Any CPU
		{DCB1BE7E-5A93-45AF-A9C7-40D8B174AEA8}.Release|x86.Build.0 = Release|Any CPU
		{29B99A93-2F8D-4C52-906D-6699166AFE12}.Debug|Any CPU.ActiveCfg = Debug|Any CPU
		{29B99A93-2F8D-4C52-906D-6699166AFE12}.Debug|Any CPU.Build.0 = Debug|Any CPU
		{29B99A93-2F8D-4C52-906D-6699166AFE12}.Debug|x64.ActiveCfg = Debug|Any CPU
		{29B99A93-2F8D-4C52-906D-6699166AFE12}.Debug|x64.Build.0 = Debug|Any CPU
		{29B99A93-2F8D-4C52-906D-6699166AFE12}.Debug|x86.ActiveCfg = Debug|Any CPU
		{29B99A93-2F8D-4C52-906D-6699166AFE12}.Debug|x86.Build.0 = Debug|Any CPU
		{29B99A93-2F8D-4C52-906D-6699166AFE12}.Release|Any CPU.ActiveCfg = Release|Any CPU
		{29B99A93-2F8D-4C52-906D-6699166AFE12}.Release|Any CPU.Build.0 = Release|Any CPU
		{29B99A93-2F8D-4C52-906D-6699166AFE12}.Release|x64.ActiveCfg = Release|Any CPU
		{29B99A93-2F8D-4C52-906D-6699166AFE12}.Release|x64.Build.0 = Release|Any CPU
		{29B99A93-2F8D-4C52-906D-6699166AFE12}.Release|x86.ActiveCfg = Release|Any CPU
		{29B99A93-2F8D-4C52-906D-6699166AFE12}.Release|x86.Build.0 = Release|Any CPU
		{DD410CAE-140B-4B03-B086-537E38F3B11D}.Debug|Any CPU.ActiveCfg = Debug|Any CPU
		{DD410CAE-140B-4B03-B086-537E38F3B11D}.Debug|Any CPU.Build.0 = Debug|Any CPU
		{DD410CAE-140B-4B03-B086-537E38F3B11D}.Debug|x64.ActiveCfg = Debug|Any CPU
		{DD410CAE-140B-4B03-B086-537E38F3B11D}.Debug|x64.Build.0 = Debug|Any CPU
		{DD410CAE-140B-4B03-B086-537E38F3B11D}.Debug|x86.ActiveCfg = Debug|Any CPU
		{DD410CAE-140B-4B03-B086-537E38F3B11D}.Debug|x86.Build.0 = Debug|Any CPU
		{DD410CAE-140B-4B03-B086-537E38F3B11D}.Release|Any CPU.ActiveCfg = Release|Any CPU
		{DD410CAE-140B-4B03-B086-537E38F3B11D}.Release|Any CPU.Build.0 = Release|Any CPU
		{DD410CAE-140B-4B03-B086-537E38F3B11D}.Release|x64.ActiveCfg = Release|Any CPU
		{DD410CAE-140B-4B03-B086-537E38F3B11D}.Release|x64.Build.0 = Release|Any CPU
		{DD410CAE-140B-4B03-B086-537E38F3B11D}.Release|x86.ActiveCfg = Release|Any CPU
		{DD410CAE-140B-4B03-B086-537E38F3B11D}.Release|x86.Build.0 = Release|Any CPU
		{D0F35587-0897-4BE5-9524-F86B64D43C6C}.Debug|Any CPU.ActiveCfg = Debug|Any CPU
		{D0F35587-0897-4BE5-9524-F86B64D43C6C}.Debug|Any CPU.Build.0 = Debug|Any CPU
		{D0F35587-0897-4BE5-9524-F86B64D43C6C}.Debug|x64.ActiveCfg = Debug|Any CPU
		{D0F35587-0897-4BE5-9524-F86B64D43C6C}.Debug|x64.Build.0 = Debug|Any CPU
		{D0F35587-0897-4BE5-9524-F86B64D43C6C}.Debug|x86.ActiveCfg = Debug|Any CPU
		{D0F35587-0897-4BE5-9524-F86B64D43C6C}.Debug|x86.Build.0 = Debug|Any CPU
		{D0F35587-0897-4BE5-9524-F86B64D43C6C}.Release|Any CPU.ActiveCfg = Release|Any CPU
		{D0F35587-0897-4BE5-9524-F86B64D43C6C}.Release|Any CPU.Build.0 = Release|Any CPU
		{D0F35587-0897-4BE5-9524-F86B64D43C6C}.Release|x64.ActiveCfg = Release|Any CPU
		{D0F35587-0897-4BE5-9524-F86B64D43C6C}.Release|x64.Build.0 = Release|Any CPU
		{D0F35587-0897-4BE5-9524-F86B64D43C6C}.Release|x86.ActiveCfg = Release|Any CPU
		{D0F35587-0897-4BE5-9524-F86B64D43C6C}.Release|x86.Build.0 = Release|Any CPU
	EndGlobalSection
	GlobalSection(SolutionProperties) = preSolution
		HideSolutionNode = FALSE
	EndGlobalSection
	GlobalSection(NestedProjects) = preSolution
		{D404F36C-CBB9-FFF6-9E83-5F14D86BD29C} = {827E0CD3-B72D-47B6-A68D-7590B98EB39B}
		{FEE3D8A9-A349-411C-9839-BA7F03D2661E} = {D404F36C-CBB9-FFF6-9E83-5F14D86BD29C}
		{4B780933-E0A7-B745-0A28-5415036F6E40} = {827E0CD3-B72D-47B6-A68D-7590B98EB39B}
		{A20D48AF-67F8-45BA-AFC5-3A5D0E0B5225} = {4B780933-E0A7-B745-0A28-5415036F6E40}
		{0F5EE9EB-4E9F-F2D0-FD28-8597A5AB5DCC} = {827E0CD3-B72D-47B6-A68D-7590B98EB39B}
		{785CE71A-6EF9-4DCF-A1FA-B57B0A538490} = {0F5EE9EB-4E9F-F2D0-FD28-8597A5AB5DCC}
		{B79C500A-29D0-4C8E-94C7-9DCFD6B4759E} = {0F5EE9EB-4E9F-F2D0-FD28-8597A5AB5DCC}
		{7C1F9FB3-5BF9-7B33-53BE-065D6A5CF40B} = {827E0CD3-B72D-47B6-A68D-7590B98EB39B}
		{FCCFBF4C-EB7F-481E-9C28-671B52660F4D} = {7C1F9FB3-5BF9-7B33-53BE-065D6A5CF40B}
		{CA414A8B-9CEB-4B35-AF98-C16944649852} = {7C1F9FB3-5BF9-7B33-53BE-065D6A5CF40B}
		{C4953D3D-7A2F-3936-AE3B-8EEBCF8AB5F3} = {827E0CD3-B72D-47B6-A68D-7590B98EB39B}
		{8931126B-1726-494C-A5F0-E0F98EE505FB} = {C4953D3D-7A2F-3936-AE3B-8EEBCF8AB5F3}
		{49725224-BCE1-4EE4-8CA1-C78C710190C3} = {C4953D3D-7A2F-3936-AE3B-8EEBCF8AB5F3}
		{2B211ACF-743F-EDB3-057B-6C963033AAE0} = {827E0CD3-B72D-47B6-A68D-7590B98EB39B}
		{6E42D2E7-8685-4E1A-927F-E1DBEE17405E} = {2B211ACF-743F-EDB3-057B-6C963033AAE0}
		{6669258A-38E2-4DFC-9A4C-23FDCF8A38F2} = {2B211ACF-743F-EDB3-057B-6C963033AAE0}
		{2C0D3464-E418-9F4A-D13D-B7D7FF9C5AA2} = {827E0CD3-B72D-47B6-A68D-7590B98EB39B}
		{45301D60-7332-4E92-A446-D9107CE8A55A} = {2C0D3464-E418-9F4A-D13D-B7D7FF9C5AA2}
		{13D05F75-0A03-4E5C-9D73-1DDC8DB8EA7B} = {2C0D3464-E418-9F4A-D13D-B7D7FF9C5AA2}
		{19EF395C-88FD-774A-E405-FB6602F8233B} = {827E0CD3-B72D-47B6-A68D-7590B98EB39B}
		{936F8BC2-AFAF-4CB0-B800-C5ADB304EBE8} = {19EF395C-88FD-774A-E405-FB6602F8233B}
		{0FDE4398-03B8-4D72-B6CA-C93A1C19186D} = {19EF395C-88FD-774A-E405-FB6602F8233B}
		{64566FEF-0B0C-B8CF-3A74-E4392E087BD4} = {827E0CD3-B72D-47B6-A68D-7590B98EB39B}
		{18621919-B3B2-4561-A603-E0F23E4B47C1} = {64566FEF-0B0C-B8CF-3A74-E4392E087BD4}
		{43071152-0899-4DCE-BF7D-47526D3F9019} = {64566FEF-0B0C-B8CF-3A74-E4392E087BD4}
		{64391719-BFB6-6CBD-7804-23FFBA802478} = {827E0CD3-B72D-47B6-A68D-7590B98EB39B}
		{4728AF9D-4F5C-427B-B93B-8AA627999E64} = {64391719-BFB6-6CBD-7804-23FFBA802478}
		{92DEC953-56F4-4BE6-9CC9-00C023F462CE} = {64391719-BFB6-6CBD-7804-23FFBA802478}
		{9FAB0DBB-3543-5BFA-4E4E-D126B0A42810} = {827E0CD3-B72D-47B6-A68D-7590B98EB39B}
		{17948664-A2EB-49C8-A2AB-A8F677B0F0D6} = {9FAB0DBB-3543-5BFA-4E4E-D126B0A42810}
		{C0D49878-E7C1-43E4-9E83-5F58C2C82575} = {9FAB0DBB-3543-5BFA-4E4E-D126B0A42810}
		{D95E9B67-5B50-E45B-4F93-062112E6E146} = {827E0CD3-B72D-47B6-A68D-7590B98EB39B}
		{B1152B15-3405-428A-AA7C-F656873D7401} = {D95E9B67-5B50-E45B-4F93-062112E6E146}
		{C9585E1B-BC2C-418B-8ECC-A1BA1DD503B0} = {D95E9B67-5B50-E45B-4F93-062112E6E146}
		{41989853-B803-1143-DC74-0C899DECEACB} = {827E0CD3-B72D-47B6-A68D-7590B98EB39B}
		{D5137F46-7690-415F-BDFF-638B12379C82} = {41989853-B803-1143-DC74-0C899DECEACB}
		{8E1A7378-DAB2-4319-A5A8-9879C961DBB4} = {41989853-B803-1143-DC74-0C899DECEACB}
		{64A39762-41AA-4A5D-129D-C758154E9CA9} = {827E0CD3-B72D-47B6-A68D-7590B98EB39B}
		{A52C1293-93A7-443A-A41B-47307371C317} = {64A39762-41AA-4A5D-129D-C758154E9CA9}
		{92DAC378-7358-4987-8CD1-ABF6A2893F18} = {64A39762-41AA-4A5D-129D-C758154E9CA9}
		{06B9C430-D3E7-E5BC-B521-78EBD58D3D8D} = {827E0CD3-B72D-47B6-A68D-7590B98EB39B}
		{7D0CDF9D-85AB-4241-BEFD-301A36CA2E96} = {06B9C430-D3E7-E5BC-B521-78EBD58D3D8D}
		{0A5E7FC1-1875-4562-8E0A-375AF5CFF454} = {06B9C430-D3E7-E5BC-B521-78EBD58D3D8D}
		{ECF137E1-AF0E-EA56-2060-FE23767D7458} = {827E0CD3-B72D-47B6-A68D-7590B98EB39B}
		{63D90846-A209-4984-968C-E19BE3347440} = {ECF137E1-AF0E-EA56-2060-FE23767D7458}
		{DE1BC4F1-4332-43E8-A64C-CE8413F90346} = {ECF137E1-AF0E-EA56-2060-FE23767D7458}
		{40E13131-B1D8-2F73-9A45-87718F83EE4B} = {827E0CD3-B72D-47B6-A68D-7590B98EB39B}
		{1CA74916-970D-4F72-A596-22A20BA41139} = {40E13131-B1D8-2F73-9A45-87718F83EE4B}
		{BBFD5E4D-582C-4616-B61B-157399E25846} = {40E13131-B1D8-2F73-9A45-87718F83EE4B}
		{8E4146AA-F863-A044-5C93-E04D89F0CDAD} = {827E0CD3-B72D-47B6-A68D-7590B98EB39B}
		{4F0FE337-AE2C-45F8-90AB-AB8742D02E35} = {8E4146AA-F863-A044-5C93-E04D89F0CDAD}
		{B83C5F40-2B52-4523-AE5D-54B9509F2396} = {8E4146AA-F863-A044-5C93-E04D89F0CDAD}
		{2FDBDDC7-2C55-BBCC-498A-8F13E4FE55DE} = {827E0CD3-B72D-47B6-A68D-7590B98EB39B}
		{DD45B7FB-E75C-4BF6-9D91-786479996C9E} = {2FDBDDC7-2C55-BBCC-498A-8F13E4FE55DE}
		{B0700BCE-56F9-46D3-B475-743A3FDD0289} = {2FDBDDC7-2C55-BBCC-498A-8F13E4FE55DE}
		{A3A660B8-B8AC-9461-D3C6-06214E1F58BF} = {827E0CD3-B72D-47B6-A68D-7590B98EB39B}
		{20A45ACA-CD20-4B9B-A170-567877BDE1F0} = {A3A660B8-B8AC-9461-D3C6-06214E1F58BF}
		{C95E7D9A-5ABB-4AC7-A644-E70274B935EC} = {A3A660B8-B8AC-9461-D3C6-06214E1F58BF}
		{1712CDAE-051E-4F74-B524-61E98987BE52} = {827E0CD3-B72D-47B6-A68D-7590B98EB39B}
		{65896D61-411D-4739-9258-7CD75B0CADD0} = {1712CDAE-051E-4F74-B524-61E98987BE52}
		{B4DF93B7-36BB-40DD-B9E1-A3CC711756DE} = {1712CDAE-051E-4F74-B524-61E98987BE52}
		{2760AEC0-963F-4A75-A117-A08AB1CD8CA9} = {827E0CD3-B72D-47B6-A68D-7590B98EB39B}
		{DCB1BE7E-5A93-45AF-A9C7-40D8B174AEA8} = {2760AEC0-963F-4A75-A117-A08AB1CD8CA9}
		{29B99A93-2F8D-4C52-906D-6699166AFE12} = {2760AEC0-963F-4A75-A117-A08AB1CD8CA9}
		{EFAC0ED1-1E7C-A0ED-736F-56BC05975F05} = {827E0CD3-B72D-47B6-A68D-7590B98EB39B}
		{DD410CAE-140B-4B03-B086-537E38F3B11D} = {EFAC0ED1-1E7C-A0ED-736F-56BC05975F05}
		{D0F35587-0897-4BE5-9524-F86B64D43C6C} = {EFAC0ED1-1E7C-A0ED-736F-56BC05975F05}
	EndGlobalSection
EndGlobal
