
Microsoft Visual Studio Solution File, Format Version 12.00
# Visual Studio Version 17
VisualStudioVersion = 17.4.32912.340
MinimumVisualStudioVersion = 10.0.40219.1
Project("{2150E333-8FDC-42A3-9474-1A3956D46DE8}") = "Dependencies", "Dependencies", "{02EA681E-C7D8-13C7-8484-4AC65E1B71E8}"
EndProject
Project("{FAE04EC0-301F-11D3-BF4B-00C04F79EFBC}") = "BoxCollider", "Dependencies\BoxCollider\BoxCollider.csproj", "{3578F7E7-7D79-2D94-8629-53A817A73F83}"
EndProject
Project("{FAE04EC0-301F-11D3-BF4B-00C04F79EFBC}") = "NormalMappingModelProcessor", "Dependencies\NormalMappingModelProcessor\NormalMappingModelProcessor.csproj", "{17F28EF7-7188-FCEF-DA0E-E01BFAA8C1F1}"
EndProject
Project("{2150E333-8FDC-42A3-9474-1A3956D46DE8}") = "Android", "Android", "{D556FD96-0E74-459C-9FDC-46F089E8E44C}"
EndProject
Project("{2150E333-8FDC-42A3-9474-1A3956D46DE8}") = "Desktop", "Desktop", "{E17CB636-879A-415C-BE45-B3194DD3C8A3}"
EndProject
Project("{2150E333-8FDC-42A3-9474-1A3956D46DE8}") = "iOS", "iOS", "{3DCB7D39-885D-4397-8498-81FECCD8AF6B}"
EndProject
Project("{2150E333-8FDC-42A3-9474-1A3956D46DE8}") = "Windows", "Windows", "{3E78E678-7E11-4C80-8A25-18A3B5CBD96E}"
EndProject
Project("{FAE04EC0-301F-11D3-BF4B-00C04F79EFBC}") = "Core", "Core\Core.csproj", "{5ED06CAD-956C-C94D-BC0C-E89E30A887C2}"
EndProject
Project("{FAE04EC0-301F-11D3-BF4B-00C04F79EFBC}") = "ShipGame", "Android\ShipGame.csproj", "{6EBB19A5-85C3-89B4-98F8-0E63F86955A7}"
EndProject
Project("{FAE04EC0-301F-11D3-BF4B-00C04F79EFBC}") = "ShipGame", "Desktop\ShipGame.csproj", "{9038E103-9312-D84C-9302-5CF1DC3A98B7}"
EndProject
Project("{FAE04EC0-301F-11D3-BF4B-00C04F79EFBC}") = "ShipGame", "iOS\ShipGame.csproj", "{0B868687-4572-CEEA-DDD8-80F3BD0168EE}"
EndProject
Project("{FAE04EC0-301F-11D3-BF4B-00C04F79EFBC}") = "ShipGame", "Windows\ShipGame.csproj", "{D8783EE3-BBF1-BCEC-7C9C-D0A7D56A5733}"
EndProject
Global
	GlobalSection(SolutionConfigurationPlatforms) = preSolution
		Debug|Any CPU = Debug|Any CPU
		Release|Any CPU = Release|Any CPU
	EndGlobalSection
	GlobalSection(ProjectConfigurationPlatforms) = postSolution
		{3578F7E7-7D79-2D94-8629-53A817A73F83}.Debug|Any CPU.ActiveCfg = Debug|Any CPU
		{3578F7E7-7D79-2D94-8629-53A817A73F83}.Debug|Any CPU.Build.0 = Debug|Any CPU
		{3578F7E7-7D79-2D94-8629-53A817A73F83}.Release|Any CPU.ActiveCfg = Release|Any CPU
		{3578F7E7-7D79-2D94-8629-53A817A73F83}.Release|Any CPU.Build.0 = Release|Any CPU
		{17F28EF7-7188-FCEF-DA0E-E01BFAA8C1F1}.Debug|Any CPU.ActiveCfg = Debug|Any CPU
		{17F28EF7-7188-FCEF-DA0E-E01BFAA8C1F1}.Debug|Any CPU.Build.0 = Debug|Any CPU
		{17F28EF7-7188-FCEF-DA0E-E01BFAA8C1F1}.Release|Any CPU.ActiveCfg = Release|Any CPU
		{17F28EF7-7188-FCEF-DA0E-E01BFAA8C1F1}.Release|Any CPU.Build.0 = Release|Any CPU
		{5ED06CAD-956C-C94D-BC0C-E89E30A887C2}.Debug|Any CPU.ActiveCfg = Debug|Any CPU
		{5ED06CAD-956C-C94D-BC0C-E89E30A887C2}.Debug|Any CPU.Build.0 = Debug|Any CPU
		{5ED06CAD-956C-C94D-BC0C-E89E30A887C2}.Release|Any CPU.ActiveCfg = Release|Any CPU
		{5ED06CAD-956C-C94D-BC0C-E89E30A887C2}.Release|Any CPU.Build.0 = Release|Any CPU
		{6EBB19A5-85C3-89B4-98F8-0E63F86955A7}.Debug|Any CPU.ActiveCfg = Debug|Any CPU
		{6EBB19A5-85C3-89B4-98F8-0E63F86955A7}.Debug|Any CPU.Build.0 = Debug|Any CPU
		{6EBB19A5-85C3-89B4-98F8-0E63F86955A7}.Debug|Any CPU.Deploy.0 = Debug|Any CPU
		{6EBB19A5-85C3-89B4-98F8-0E63F86955A7}.Release|Any CPU.ActiveCfg = Release|Any CPU
		{6EBB19A5-85C3-89B4-98F8-0E63F86955A7}.Release|Any CPU.Build.0 = Release|Any CPU
		{6EBB19A5-85C3-89B4-98F8-0E63F86955A7}.Release|Any CPU.Deploy.0 = Release|Any CPU
		{9038E103-9312-D84C-9302-5CF1DC3A98B7}.Debug|Any CPU.ActiveCfg = Debug|Any CPU
		{9038E103-9312-D84C-9302-5CF1DC3A98B7}.Debug|Any CPU.Build.0 = Debug|Any CPU
		{9038E103-9312-D84C-9302-5CF1DC3A98B7}.Release|Any CPU.ActiveCfg = Release|Any CPU
		{9038E103-9312-D84C-9302-5CF1DC3A98B7}.Release|Any CPU.Build.0 = Release|Any CPU
		{0B868687-4572-CEEA-DDD8-80F3BD0168EE}.Debug|Any CPU.ActiveCfg = Debug|Any CPU
		{0B868687-4572-CEEA-DDD8-80F3BD0168EE}.Debug|Any CPU.Build.0 = Debug|Any CPU
		{0B868687-4572-CEEA-DDD8-80F3BD0168EE}.Debug|Any CPU.Deploy.0 = Debug|Any CPU
		{0B868687-4572-CEEA-DDD8-80F3BD0168EE}.Release|Any CPU.ActiveCfg = Release|Any CPU
		{0B868687-4572-CEEA-DDD8-80F3BD0168EE}.Release|Any CPU.Build.0 = Release|Any CPU
		{0B868687-4572-CEEA-DDD8-80F3BD0168EE}.Release|Any CPU.Deploy.0 = Release|Any CPU
		{D8783EE3-BBF1-BCEC-7C9C-D0A7D56A5733}.Debug|Any CPU.ActiveCfg = Debug|Any CPU
		{D8783EE3-BBF1-BCEC-7C9C-D0A7D56A5733}.Debug|Any CPU.Build.0 = Debug|Any CPU
		{D8783EE3-BBF1-BCEC-7C9C-D0A7D56A5733}.Release|Any CPU.ActiveCfg = Release|Any CPU
		{D8783EE3-BBF1-BCEC-7C9C-D0A7D56A5733}.Release|Any CPU.Build.0 = Release|Any CPU
	EndGlobalSection
	GlobalSection(SolutionProperties) = preSolution
		HideSolutionNode = FALSE
	EndGlobalSection
	GlobalSection(NestedProjects) = preSolution
		{3578F7E7-7D79-2D94-8629-53A817A73F83} = {02EA681E-C7D8-13C7-8484-4AC65E1B71E8}
		{17F28EF7-7188-FCEF-DA0E-E01BFAA8C1F1} = {02EA681E-C7D8-13C7-8484-4AC65E1B71E8}
		{6EBB19A5-85C3-89B4-98F8-0E63F86955A7} = {D556FD96-0E74-459C-9FDC-46F089E8E44C}
		{9038E103-9312-D84C-9302-5CF1DC3A98B7} = {E17CB636-879A-415C-BE45-B3194DD3C8A3}
		{0B868687-4572-CEEA-DDD8-80F3BD0168EE} = {3DCB7D39-885D-4397-8498-81FECCD8AF6B}
		{D8783EE3-BBF1-BCEC-7C9C-D0A7D56A5733} = {3E78E678-7E11-4C80-8A25-18A3B5CBD96E}
	EndGlobalSection
	GlobalSection(ExtensibilityGlobals) = postSolution
		SolutionGuid = {30AA8C87-3B33-446B-B943-F277DFCC7B07}
	EndGlobalSection
EndGlobal
