<Solution>
  <Folder Name="/Solution Items/">
    <File Path="Directory.Packages.props" />
    <File Path="README.md" />
  </Folder>
  <Project Path="DungeonSlime.Android/DungeonSlime.Android.csproj">
    <Deploy />
  </Project>
  <Project Path="DungeonSlime.Common/DungeonSlime.Common.csproj" />
  <Project Path="DungeonSlime.iOS/DungeonSlime.iOS.csproj">
    <Deploy />
  </Project>
  <Project Path="DungeonSlime/DungeonSlime.Windows.csproj" />
  <Project Path="MonoGameLibrary/MonoGameLibrary.csproj" />
</Solution>
