
Microsoft Visual Studio Solution File, Format Version 12.00
# Visual Studio Version 17
VisualStudioVersion = 17.9.34723.18
MinimumVisualStudioVersion = 15.0.26124.0
Project("{FAE04EC0-301F-11D3-BF4B-00C04F79EFBC}") = "Core", "Core\Core.csproj", "{47BD21C1-2170-456C-AF98-6D92C5F73BA9}"
EndProject
Project("{2150E333-8FDC-42A3-9474-1A3956D46DE8}") = "Android", "Android", "{02EA681E-C7D8-13C7-8484-4AC65E1B71E8}"
EndProject
Project("{2150E333-8FDC-42A3-9474-1A3956D46DE8}") = "Desktop", "Desktop", "{81E0E51E-368D-4CA6-8522-522AA3AFE059}"
EndProject
Project("{2150E333-8FDC-42A3-9474-1A3956D46DE8}") = "iOS", "iOS", "{CB8203D0-5242-46F8-9A55-4ED4230BAB93}"
EndProject
Project("{2150E333-8FDC-42A3-9474-1A3956D46DE8}") = "Windows", "Windows", "{2394D5AC-CFA7-4C03-8E14-4F19DC8120E5}"
EndProject
Project("{FAE04EC0-301F-11D3-BF4B-00C04F79EFBC}") = "Platformer2D", "Android\Platformer2D.csproj", "{6B90EF60-A041-553B-6F76-4B341C5EAB67}"
EndProject
Project("{FAE04EC0-301F-11D3-BF4B-00C04F79EFBC}") = "Platformer2D", "Desktop\Platformer2D.csproj", "{1A44DE7E-B335-1D92-FF95-6EC441F4252B}"
EndProject
Project("{FAE04EC0-301F-11D3-BF4B-00C04F79EFBC}") = "Platformer2D", "iOS\Platformer2D.csproj", "{6A13BB3E-C106-47DE-3CDE-7E64CEDE6180}"
EndProject
Project("{FAE04EC0-301F-11D3-BF4B-00C04F79EFBC}") = "Platformer2D", "Windows\Platformer2D.csproj", "{3F10634D-2230-E5AE-F203-B5B0E899BAA1}"
EndProject
Global
	GlobalSection(SolutionConfigurationPlatforms) = preSolution
		Debug|Any CPU = Debug|Any CPU
		Debug|x64 = Debug|x64
		Release|Any CPU = Release|Any CPU
		Release|x64 = Release|x64
	EndGlobalSection
	GlobalSection(ProjectConfigurationPlatforms) = postSolution
		{47BD21C1-2170-456C-AF98-6D92C5F73BA9}.Debug|Any CPU.ActiveCfg = Debug|Any CPU
		{47BD21C1-2170-456C-AF98-6D92C5F73BA9}.Debug|Any CPU.Build.0 = Debug|Any CPU
		{47BD21C1-2170-456C-AF98-6D92C5F73BA9}.Debug|x64.ActiveCfg = Debug|Any CPU
		{47BD21C1-2170-456C-AF98-6D92C5F73BA9}.Debug|x64.Build.0 = Debug|Any CPU
		{47BD21C1-2170-456C-AF98-6D92C5F73BA9}.Release|Any CPU.ActiveCfg = Release|Any CPU
		{47BD21C1-2170-456C-AF98-6D92C5F73BA9}.Release|Any CPU.Build.0 = Release|Any CPU
		{47BD21C1-2170-456C-AF98-6D92C5F73BA9}.Release|x64.ActiveCfg = Release|Any CPU
		{47BD21C1-2170-456C-AF98-6D92C5F73BA9}.Release|x64.Build.0 = Release|Any CPU
		{6B90EF60-A041-553B-6F76-4B341C5EAB67}.Debug|Any CPU.ActiveCfg = Debug|Any CPU
		{6B90EF60-A041-553B-6F76-4B341C5EAB67}.Debug|Any CPU.Build.0 = Debug|Any CPU
		{6B90EF60-A041-553B-6F76-4B341C5EAB67}.Debug|Any CPU.Deploy.0 = Debug|Any CPU
		{6B90EF60-A041-553B-6F76-4B341C5EAB67}.Debug|x64.ActiveCfg = Debug|Any CPU
		{6B90EF60-A041-553B-6F76-4B341C5EAB67}.Debug|x64.Build.0 = Debug|Any CPU
		{6B90EF60-A041-553B-6F76-4B341C5EAB67}.Debug|x64.Deploy.0 = Debug|Any CPU
		{6B90EF60-A041-553B-6F76-4B341C5EAB67}.Release|Any CPU.ActiveCfg = Release|Any CPU
		{6B90EF60-A041-553B-6F76-4B341C5EAB67}.Release|Any CPU.Build.0 = Release|Any CPU
		{6B90EF60-A041-553B-6F76-4B341C5EAB67}.Release|Any CPU.Deploy.0 = Release|Any CPU
		{6B90EF60-A041-553B-6F76-4B341C5EAB67}.Release|x64.ActiveCfg = Release|Any CPU
		{6B90EF60-A041-553B-6F76-4B341C5EAB67}.Release|x64.Build.0 = Release|Any CPU
		{6B90EF60-A041-553B-6F76-4B341C5EAB67}.Release|x64.Deploy.0 = Release|Any CPU
		{1A44DE7E-B335-1D92-FF95-6EC441F4252B}.Debug|Any CPU.ActiveCfg = Debug|Any CPU
		{1A44DE7E-B335-1D92-FF95-6EC441F4252B}.Debug|Any CPU.Build.0 = Debug|Any CPU
		{1A44DE7E-B335-1D92-FF95-6EC441F4252B}.Debug|x64.ActiveCfg = Debug|Any CPU
		{1A44DE7E-B335-1D92-FF95-6EC441F4252B}.Debug|x64.Build.0 = Debug|Any CPU
		{1A44DE7E-B335-1D92-FF95-6EC441F4252B}.Release|Any CPU.ActiveCfg = Release|Any CPU
		{1A44DE7E-B335-1D92-FF95-6EC441F4252B}.Release|Any CPU.Build.0 = Release|Any CPU
		{1A44DE7E-B335-1D92-FF95-6EC441F4252B}.Release|x64.ActiveCfg = Release|Any CPU
		{1A44DE7E-B335-1D92-FF95-6EC441F4252B}.Release|x64.Build.0 = Release|Any CPU
		{6A13BB3E-C106-47DE-3CDE-7E64CEDE6180}.Debug|Any CPU.ActiveCfg = Debug|Any CPU
		{6A13BB3E-C106-47DE-3CDE-7E64CEDE6180}.Debug|Any CPU.Build.0 = Debug|Any CPU
		{6A13BB3E-C106-47DE-3CDE-7E64CEDE6180}.Debug|Any CPU.Deploy.0 = Debug|Any CPU
		{6A13BB3E-C106-47DE-3CDE-7E64CEDE6180}.Debug|x64.ActiveCfg = Debug|Any CPU
		{6A13BB3E-C106-47DE-3CDE-7E64CEDE6180}.Debug|x64.Build.0 = Debug|Any CPU
		{6A13BB3E-C106-47DE-3CDE-7E64CEDE6180}.Debug|x64.Deploy.0 = Debug|Any CPU
		{6A13BB3E-C106-47DE-3CDE-7E64CEDE6180}.Release|Any CPU.ActiveCfg = Release|Any CPU
		{6A13BB3E-C106-47DE-3CDE-7E64CEDE6180}.Release|Any CPU.Build.0 = Release|Any CPU
		{6A13BB3E-C106-47DE-3CDE-7E64CEDE6180}.Release|Any CPU.Deploy.0 = Release|Any CPU
		{6A13BB3E-C106-47DE-3CDE-7E64CEDE6180}.Release|x64.ActiveCfg = Release|Any CPU
		{6A13BB3E-C106-47DE-3CDE-7E64CEDE6180}.Release|x64.Build.0 = Release|Any CPU
		{6A13BB3E-C106-47DE-3CDE-7E64CEDE6180}.Release|x64.Deploy.0 = Release|Any CPU
		{3F10634D-2230-E5AE-F203-B5B0E899BAA1}.Debug|Any CPU.ActiveCfg = Debug|Any CPU
		{3F10634D-2230-E5AE-F203-B5B0E899BAA1}.Debug|Any CPU.Build.0 = Debug|Any CPU
		{3F10634D-2230-E5AE-F203-B5B0E899BAA1}.Debug|x64.ActiveCfg = Debug|Any CPU
		{3F10634D-2230-E5AE-F203-B5B0E899BAA1}.Debug|x64.Build.0 = Debug|Any CPU
		{3F10634D-2230-E5AE-F203-B5B0E899BAA1}.Release|Any CPU.ActiveCfg = Release|Any CPU
		{3F10634D-2230-E5AE-F203-B5B0E899BAA1}.Release|Any CPU.Build.0 = Release|Any CPU
		{3F10634D-2230-E5AE-F203-B5B0E899BAA1}.Release|x64.ActiveCfg = Release|Any CPU
		{3F10634D-2230-E5AE-F203-B5B0E899BAA1}.Release|x64.Build.0 = Release|Any CPU
	EndGlobalSection
	GlobalSection(SolutionProperties) = preSolution
		HideSolutionNode = FALSE
	EndGlobalSection
	GlobalSection(NestedProjects) = preSolution
		{6B90EF60-A041-553B-6F76-4B341C5EAB67} = {02EA681E-C7D8-13C7-8484-4AC65E1B71E8}
		{1A44DE7E-B335-1D92-FF95-6EC441F4252B} = {81E0E51E-368D-4CA6-8522-522AA3AFE059}
		{6A13BB3E-C106-47DE-3CDE-7E64CEDE6180} = {CB8203D0-5242-46F8-9A55-4ED4230BAB93}
		{3F10634D-2230-E5AE-F203-B5B0E899BAA1} = {2394D5AC-CFA7-4C03-8E14-4F19DC8120E5}
	EndGlobalSection
	GlobalSection(ExtensibilityGlobals) = postSolution
		SolutionGuid = {51ECE597-0299-4753-B7F5-4E8EDECD7BB4}
	EndGlobalSection
EndGlobal
