<Solution>
  <Configurations>
    <Platform Name="Any CPU" />
    <Platform Name="x64" />
  </Configurations>
  <Folder Name="/Platforms/">
    <Project Path="Android/Android.csproj">
      <Deploy />
    </Project>
    <Project Path="Desktop/Desktop.csproj" />
    <Project Path="iOS/iOS.csproj">
      <Deploy />
    </Project>
    <Project Path="Windows/Windows.csproj" />
  </Folder>
  <Project Path="Core/Core.csproj" />
</Solution>
