
Microsoft Visual Studio Solution File, Format Version 12.00
# Visual Studio Version 17
VisualStudioVersion = 17.4.32912.340
MinimumVisualStudioVersion = 10.0.40219.1
Project("{FAE04EC0-301F-11D3-BF4B-00C04F79EFBC}") = "Platformer2D.WindowsUWP", "Platformer2D.WindowsUWP\Platformer2D.WindowsUWP.csproj", "{F2E9F898-5CEA-4267-8FEA-10734D287548}"
EndProject
Global
	GlobalSection(SolutionConfigurationPlatforms) = preSolution
		Debug|ARM = Debug|ARM
		Debug|x64 = Debug|x64
		Debug|x86 = Debug|x86
		Release|ARM = Release|ARM
		Release|x64 = Release|x64
		Release|x86 = Release|x86
	EndGlobalSection
	GlobalSection(ProjectConfigurationPlatforms) = postSolution
		{F2E9F898-5CEA-4267-8FEA-10734D287548}.Debug|ARM.ActiveCfg = Debug|ARM
		{F2E9F898-5CEA-4267-8FEA-10734D287548}.Debug|ARM.Build.0 = Debug|ARM
		{F2E9F898-5CEA-4267-8FEA-10734D287548}.Debug|ARM.Deploy.0 = Debug|ARM
		{F2E9F898-5CEA-4267-8FEA-10734D287548}.Debug|x64.ActiveCfg = Debug|x64
		{F2E9F898-5CEA-4267-8FEA-10734D287548}.Debug|x64.Build.0 = Debug|x64
		{F2E9F898-5CEA-4267-8FEA-10734D287548}.Debug|x64.Deploy.0 = Debug|x64
		{F2E9F898-5CEA-4267-8FEA-10734D287548}.Debug|x86.ActiveCfg = Debug|x86
		{F2E9F898-5CEA-4267-8FEA-10734D287548}.Debug|x86.Build.0 = Debug|x86
		{F2E9F898-5CEA-4267-8FEA-10734D287548}.Debug|x86.Deploy.0 = Debug|x86
		{F2E9F898-5CEA-4267-8FEA-10734D287548}.Release|ARM.ActiveCfg = Release|ARM
		{F2E9F898-5CEA-4267-8FEA-10734D287548}.Release|ARM.Build.0 = Release|ARM
		{F2E9F898-5CEA-4267-8FEA-10734D287548}.Release|ARM.Deploy.0 = Release|ARM
		{F2E9F898-5CEA-4267-8FEA-10734D287548}.Release|x64.ActiveCfg = Release|x64
		{F2E9F898-5CEA-4267-8FEA-10734D287548}.Release|x64.Build.0 = Release|x64
		{F2E9F898-5CEA-4267-8FEA-10734D287548}.Release|x64.Deploy.0 = Release|x64
		{F2E9F898-5CEA-4267-8FEA-10734D287548}.Release|x86.ActiveCfg = Release|x86
		{F2E9F898-5CEA-4267-8FEA-10734D287548}.Release|x86.Build.0 = Release|x86
		{F2E9F898-5CEA-4267-8FEA-10734D287548}.Release|x86.Deploy.0 = Release|x86
	EndGlobalSection
	GlobalSection(SolutionProperties) = preSolution
		HideSolutionNode = FALSE
	EndGlobalSection
	GlobalSection(ExtensibilityGlobals) = postSolution
		SolutionGuid = {C44C736C-3BA5-40FD-A2F3-7C60846C5C33}
	EndGlobalSection
EndGlobal
