
Microsoft Visual Studio Solution File, Format Version 12.00
# Visual Studio Version 17
VisualStudioVersion = 17.4.32912.340
MinimumVisualStudioVersion = 10.0.40219.1
Project("{9A19103F-16F7-4668-BE54-9A1E7A4F7556}") = "AutoPong.DesktopGL", "AutoPong.DesktopGL\AutoPong.DesktopGL.csproj", "{DD0539AD-0CA6-467C-9955-BA19FFC63CB2}"
EndProject
Project("{FAE04EC0-301F-11D3-BF4B-00C04F79EFBC}") = "AutoPong.Core", "AutoPong.Core\AutoPong.Core.csproj", "{8A06B930-BD4A-4495-948B-19B9B205A26D}"
EndProject
Global
	GlobalSection(SolutionConfigurationPlatforms) = preSolution
		Debug|Any CPU = Debug|Any CPU
		Release|Any CPU = Release|Any CPU
	EndGlobalSection
	GlobalSection(ProjectConfigurationPlatforms) = postSolution
		{DD0539AD-0CA6-467C-9955-BA19FFC63CB2}.Debug|Any CPU.ActiveCfg = Debug|Any CPU
		{DD0539AD-0CA6-467C-9955-BA19FFC63CB2}.Debug|Any CPU.Build.0 = Debug|Any CPU
		{DD0539AD-0CA6-467C-9955-BA19FFC63CB2}.Release|Any CPU.ActiveCfg = Release|Any CPU
		{DD0539AD-0CA6-467C-9955-BA19FFC63CB2}.Release|Any CPU.Build.0 = Release|Any CPU
		{8A06B930-BD4A-4495-948B-19B9B205A26D}.Debug|Any CPU.ActiveCfg = Debug|Any CPU
		{8A06B930-BD4A-4495-948B-19B9B205A26D}.Debug|Any CPU.Build.0 = Debug|Any CPU
		{8A06B930-BD4A-4495-948B-19B9B205A26D}.Release|Any CPU.ActiveCfg = Release|Any CPU
		{8A06B930-BD4A-4495-948B-19B9B205A26D}.Release|Any CPU.Build.0 = Release|Any CPU
	EndGlobalSection
	GlobalSection(SolutionProperties) = preSolution
		HideSolutionNode = FALSE
	EndGlobalSection
	GlobalSection(ExtensibilityGlobals) = postSolution
		SolutionGuid = {30AA8C87-3B33-446B-B943-F277DFCC7B07}
	EndGlobalSection
EndGlobal
