
Microsoft Visual Studio Solution File, Format Version 12.00
# Visual Studio Version 17
VisualStudioVersion = 17.4.32912.340
MinimumVisualStudioVersion = 10.0.40219.1
Project("{2150E333-8FDC-42A3-9474-1A3956D46DE8}") = "Platforms", "Platforms", "{C25A12AE-C6E2-4DC3-8BC7-687D798B18DE}"
EndProject
Project("{2150E333-8FDC-42A3-9474-1A3956D46DE8}") = "Android", "Android", "{02EA681E-C7D8-13C7-8484-4AC65E1B71E8}"
EndProject
Project("{2150E333-8FDC-42A3-9474-1A3956D46DE8}") = "iOS", "iOS", "{A8E3B3FC-B831-4FFD-8476-5E1A75A8C406}"
EndProject
Project("{2150E333-8FDC-42A3-9474-1A3956D46DE8}") = "Desktop", "Desktop", "{61D9C47D-43C4-4B38-97D7-D7EB90039ED9}"
EndProject
Project("{2150E333-8FDC-42A3-9474-1A3956D46DE8}") = "Windows", "Windows", "{B57CEAAA-D1F2-4B28-ACFA-530D110ED42A}"
EndProject
Project("{FAE04EC0-301F-11D3-BF4B-00C04F79EFBC}") = "AutoPong", "Android\AutoPong.csproj", "{EDC74F25-113E-EB03-19B8-D59C3274A62C}"
EndProject
Project("{FAE04EC0-301F-11D3-BF4B-00C04F79EFBC}") = "AutoPong", "Desktop\AutoPong.csproj", "{0DBE3617-C112-2CCA-B023-3946741256F9}"
EndProject
Project("{FAE04EC0-301F-11D3-BF4B-00C04F79EFBC}") = "AutoPong", "iOS\AutoPong.csproj", "{A8F15BE0-062A-9A61-256E-96AB63DFC465}"
EndProject
Project("{FAE04EC0-301F-11D3-BF4B-00C04F79EFBC}") = "AutoPong", "Windows\AutoPong.csproj", "{DD4BFC0F-D14E-2D21-5570-9F369D80638D}"
EndProject
Project("{FAE04EC0-301F-11D3-BF4B-00C04F79EFBC}") = "Core", "Core\Core.csproj", "{5ED06CAD-956C-C94D-BC0C-E89E30A887C2}"
EndProject
Global
	GlobalSection(SolutionConfigurationPlatforms) = preSolution
		Debug|Any CPU = Debug|Any CPU
		Release|Any CPU = Release|Any CPU
	EndGlobalSection
	GlobalSection(ProjectConfigurationPlatforms) = postSolution
		{EDC74F25-113E-EB03-19B8-D59C3274A62C}.Debug|Any CPU.ActiveCfg = Debug|Any CPU
		{EDC74F25-113E-EB03-19B8-D59C3274A62C}.Debug|Any CPU.Build.0 = Debug|Any CPU
		{EDC74F25-113E-EB03-19B8-D59C3274A62C}.Debug|Any CPU.Deploy.0 = Debug|Any CPU
		{EDC74F25-113E-EB03-19B8-D59C3274A62C}.Release|Any CPU.ActiveCfg = Release|Any CPU
		{EDC74F25-113E-EB03-19B8-D59C3274A62C}.Release|Any CPU.Build.0 = Release|Any CPU
		{EDC74F25-113E-EB03-19B8-D59C3274A62C}.Release|Any CPU.Deploy.0 = Release|Any CPU
		{0DBE3617-C112-2CCA-B023-3946741256F9}.Debug|Any CPU.ActiveCfg = Debug|Any CPU
		{0DBE3617-C112-2CCA-B023-3946741256F9}.Debug|Any CPU.Build.0 = Debug|Any CPU
		{0DBE3617-C112-2CCA-B023-3946741256F9}.Release|Any CPU.ActiveCfg = Release|Any CPU
		{0DBE3617-C112-2CCA-B023-3946741256F9}.Release|Any CPU.Build.0 = Release|Any CPU
		{A8F15BE0-062A-9A61-256E-96AB63DFC465}.Debug|Any CPU.ActiveCfg = Debug|Any CPU
		{A8F15BE0-062A-9A61-256E-96AB63DFC465}.Debug|Any CPU.Build.0 = Debug|Any CPU
		{A8F15BE0-062A-9A61-256E-96AB63DFC465}.Debug|Any CPU.Deploy.0 = Debug|Any CPU
		{A8F15BE0-062A-9A61-256E-96AB63DFC465}.Release|Any CPU.ActiveCfg = Release|Any CPU
		{A8F15BE0-062A-9A61-256E-96AB63DFC465}.Release|Any CPU.Build.0 = Release|Any CPU
		{A8F15BE0-062A-9A61-256E-96AB63DFC465}.Release|Any CPU.Deploy.0 = Release|Any CPU
		{DD4BFC0F-D14E-2D21-5570-9F369D80638D}.Debug|Any CPU.ActiveCfg = Debug|Any CPU
		{DD4BFC0F-D14E-2D21-5570-9F369D80638D}.Debug|Any CPU.Build.0 = Debug|Any CPU
		{DD4BFC0F-D14E-2D21-5570-9F369D80638D}.Release|Any CPU.ActiveCfg = Release|Any CPU
		{DD4BFC0F-D14E-2D21-5570-9F369D80638D}.Release|Any CPU.Build.0 = Release|Any CPU
		{5ED06CAD-956C-C94D-BC0C-E89E30A887C2}.Debug|Any CPU.ActiveCfg = Debug|Any CPU
		{5ED06CAD-956C-C94D-BC0C-E89E30A887C2}.Debug|Any CPU.Build.0 = Debug|Any CPU
		{5ED06CAD-956C-C94D-BC0C-E89E30A887C2}.Release|Any CPU.ActiveCfg = Release|Any CPU
		{5ED06CAD-956C-C94D-BC0C-E89E30A887C2}.Release|Any CPU.Build.0 = Release|Any CPU
	EndGlobalSection
	GlobalSection(SolutionProperties) = preSolution
		HideSolutionNode = FALSE
	EndGlobalSection
	GlobalSection(NestedProjects) = preSolution
		{02EA681E-C7D8-13C7-8484-4AC65E1B71E8} = {C25A12AE-C6E2-4DC3-8BC7-687D798B18DE}
		{A8E3B3FC-B831-4FFD-8476-5E1A75A8C406} = {C25A12AE-C6E2-4DC3-8BC7-687D798B18DE}
		{61D9C47D-43C4-4B38-97D7-D7EB90039ED9} = {C25A12AE-C6E2-4DC3-8BC7-687D798B18DE}
		{B57CEAAA-D1F2-4B28-ACFA-530D110ED42A} = {C25A12AE-C6E2-4DC3-8BC7-687D798B18DE}
		{EDC74F25-113E-EB03-19B8-D59C3274A62C} = {02EA681E-C7D8-13C7-8484-4AC65E1B71E8}
		{0DBE3617-C112-2CCA-B023-3946741256F9} = {61D9C47D-43C4-4B38-97D7-D7EB90039ED9}
		{A8F15BE0-062A-9A61-256E-96AB63DFC465} = {A8E3B3FC-B831-4FFD-8476-5E1A75A8C406}
		{DD4BFC0F-D14E-2D21-5570-9F369D80638D} = {B57CEAAA-D1F2-4B28-ACFA-530D110ED42A}
	EndGlobalSection
	GlobalSection(ExtensibilityGlobals) = postSolution
		SolutionGuid = {30AA8C87-3B33-446B-B943-F277DFCC7B07}
	EndGlobalSection
EndGlobal
