
Microsoft Visual Studio Solution File, Format Version 12.00
# Visual Studio Version 17
VisualStudioVersion = 17.4.32912.340
MinimumVisualStudioVersion = 10.0.40219.1
Project("{9A19103F-16F7-4668-BE54-9A1E7A4F7556}") = "AutoPong.iOS", "AutoPong.iOS\AutoPong.iOS.csproj", "{3A7851C5-A24F-49EF-A80E-59E4842925AD}"
EndProject
Project("{9A19103F-16F7-4668-BE54-9A1E7A4F7556}") = "AutoPong.Core", "AutoPong.Core\AutoPong.Core.csproj", "{92BE29E6-90F2-4D94-A41E-D46132FC4DA1}"
EndProject
Global
	GlobalSection(SolutionConfigurationPlatforms) = preSolution
		Debug|Any CPU = Debug|Any CPU
		Release|Any CPU = Release|Any CPU
	EndGlobalSection
	GlobalSection(ProjectConfigurationPlatforms) = postSolution
		{3A7851C5-A24F-49EF-A80E-59E4842925AD}.Debug|Any CPU.ActiveCfg = Debug|Any CPU
		{3A7851C5-A24F-49EF-A80E-59E4842925AD}.Debug|Any CPU.Build.0 = Debug|Any CPU
		{3A7851C5-A24F-49EF-A80E-59E4842925AD}.Debug|Any CPU.Deploy.0 = Debug|Any CPU
		{3A7851C5-A24F-49EF-A80E-59E4842925AD}.Release|Any CPU.ActiveCfg = Release|Any CPU
		{3A7851C5-A24F-49EF-A80E-59E4842925AD}.Release|Any CPU.Build.0 = Release|Any CPU
		{3A7851C5-A24F-49EF-A80E-59E4842925AD}.Release|Any CPU.Deploy.0 = Release|Any CPU
		{92BE29E6-90F2-4D94-A41E-D46132FC4DA1}.Debug|Any CPU.ActiveCfg = Debug|Any CPU
		{92BE29E6-90F2-4D94-A41E-D46132FC4DA1}.Debug|Any CPU.Build.0 = Debug|Any CPU
		{92BE29E6-90F2-4D94-A41E-D46132FC4DA1}.Release|Any CPU.ActiveCfg = Release|Any CPU
		{92BE29E6-90F2-4D94-A41E-D46132FC4DA1}.Release|Any CPU.Build.0 = Release|Any CPU
	EndGlobalSection
	GlobalSection(SolutionProperties) = preSolution
		HideSolutionNode = FALSE
	EndGlobalSection
	GlobalSection(ExtensibilityGlobals) = postSolution
		SolutionGuid = {B607B1D5-8048-4B9E-8184-D4C22A05F9CA}
	EndGlobalSection
EndGlobal
