
Microsoft Visual Studio Solution File, Format Version 12.00
# Visual Studio Version 16
VisualStudioVersion = 16.0.30406.217
MinimumVisualStudioVersion = 10.0.40219.1
Project("{FAE04EC0-301F-11D3-BF4B-00C04F79EFBC}") = "NeonShooter.iOS", "NeonShooter.iOS\NeonShooter.iOS.csproj", "{7FDC81FE-42DC-4166-AA7D-6ACF3E71CF0F}"
EndProject
Project("{9A19103F-16F7-4668-BE54-9A1E7A4F7556}") = "NeonShooter.Core", "NeonShooter.Core\NeonShooter.Core.csproj", "{2D825DAB-0E3B-4EED-A607-B0695E59BCA0}"
EndProject
Global
	GlobalSection(SolutionConfigurationPlatforms) = preSolution
		Ad-Hoc|Any CPU = Ad-Hoc|Any CPU
		Ad-Hoc|iPhone = Ad-Hoc|iPhone
		Ad-Hoc|iPhoneSimulator = Ad-Hoc|iPhoneSimulator
		AppStore|Any CPU = AppStore|Any CPU
		AppStore|iPhone = AppStore|iPhone
		AppStore|iPhoneSimulator = AppStore|iPhoneSimulator
		Debug|Any CPU = Debug|Any CPU
		Debug|iPhone = Debug|iPhone
		Debug|iPhoneSimulator = Debug|iPhoneSimulator
		Release|Any CPU = Release|Any CPU
		Release|iPhone = Release|iPhone
		Release|iPhoneSimulator = Release|iPhoneSimulator
	EndGlobalSection
	GlobalSection(ProjectConfigurationPlatforms) = postSolution
		{7FDC81FE-42DC-4166-AA7D-6ACF3E71CF0F}.Ad-Hoc|Any CPU.ActiveCfg = Ad-Hoc|iPhone
		{7FDC81FE-42DC-4166-AA7D-6ACF3E71CF0F}.Ad-Hoc|iPhone.ActiveCfg = Ad-Hoc|iPhone
		{7FDC81FE-42DC-4166-AA7D-6ACF3E71CF0F}.Ad-Hoc|iPhone.Build.0 = Ad-Hoc|iPhone
		{7FDC81FE-42DC-4166-AA7D-6ACF3E71CF0F}.Ad-Hoc|iPhoneSimulator.ActiveCfg = Ad-Hoc|iPhoneSimulator
		{7FDC81FE-42DC-4166-AA7D-6ACF3E71CF0F}.Ad-Hoc|iPhoneSimulator.Build.0 = Ad-Hoc|iPhoneSimulator
		{7FDC81FE-42DC-4166-AA7D-6ACF3E71CF0F}.AppStore|Any CPU.ActiveCfg = AppStore|iPhone
		{7FDC81FE-42DC-4166-AA7D-6ACF3E71CF0F}.AppStore|iPhone.ActiveCfg = AppStore|iPhone
		{7FDC81FE-42DC-4166-AA7D-6ACF3E71CF0F}.AppStore|iPhone.Build.0 = AppStore|iPhone
		{7FDC81FE-42DC-4166-AA7D-6ACF3E71CF0F}.AppStore|iPhoneSimulator.ActiveCfg = AppStore|iPhoneSimulator
		{7FDC81FE-42DC-4166-AA7D-6ACF3E71CF0F}.AppStore|iPhoneSimulator.Build.0 = AppStore|iPhoneSimulator
		{7FDC81FE-42DC-4166-AA7D-6ACF3E71CF0F}.Debug|Any CPU.ActiveCfg = Debug|iPhone
		{7FDC81FE-42DC-4166-AA7D-6ACF3E71CF0F}.Debug|iPhone.ActiveCfg = Debug|iPhone
		{7FDC81FE-42DC-4166-AA7D-6ACF3E71CF0F}.Debug|iPhone.Build.0 = Debug|iPhone
		{7FDC81FE-42DC-4166-AA7D-6ACF3E71CF0F}.Debug|iPhoneSimulator.ActiveCfg = Debug|iPhoneSimulator
		{7FDC81FE-42DC-4166-AA7D-6ACF3E71CF0F}.Debug|iPhoneSimulator.Build.0 = Debug|iPhoneSimulator
		{7FDC81FE-42DC-4166-AA7D-6ACF3E71CF0F}.Release|Any CPU.ActiveCfg = Release|iPhone
		{7FDC81FE-42DC-4166-AA7D-6ACF3E71CF0F}.Release|iPhone.ActiveCfg = Release|iPhone
		{7FDC81FE-42DC-4166-AA7D-6ACF3E71CF0F}.Release|iPhone.Build.0 = Release|iPhone
		{7FDC81FE-42DC-4166-AA7D-6ACF3E71CF0F}.Release|iPhoneSimulator.ActiveCfg = Release|iPhoneSimulator
		{7FDC81FE-42DC-4166-AA7D-6ACF3E71CF0F}.Release|iPhoneSimulator.Build.0 = Release|iPhoneSimulator
		{2D825DAB-0E3B-4EED-A607-B0695E59BCA0}.Ad-Hoc|Any CPU.ActiveCfg = Debug|Any CPU
		{2D825DAB-0E3B-4EED-A607-B0695E59BCA0}.Ad-Hoc|Any CPU.Build.0 = Debug|Any CPU
		{2D825DAB-0E3B-4EED-A607-B0695E59BCA0}.Ad-Hoc|iPhone.ActiveCfg = Debug|Any CPU
		{2D825DAB-0E3B-4EED-A607-B0695E59BCA0}.Ad-Hoc|iPhone.Build.0 = Debug|Any CPU
		{2D825DAB-0E3B-4EED-A607-B0695E59BCA0}.Ad-Hoc|iPhoneSimulator.ActiveCfg = Debug|Any CPU
		{2D825DAB-0E3B-4EED-A607-B0695E59BCA0}.Ad-Hoc|iPhoneSimulator.Build.0 = Debug|Any CPU
		{2D825DAB-0E3B-4EED-A607-B0695E59BCA0}.AppStore|Any CPU.ActiveCfg = Debug|Any CPU
		{2D825DAB-0E3B-4EED-A607-B0695E59BCA0}.AppStore|Any CPU.Build.0 = Debug|Any CPU
		{2D825DAB-0E3B-4EED-A607-B0695E59BCA0}.AppStore|iPhone.ActiveCfg = Debug|Any CPU
		{2D825DAB-0E3B-4EED-A607-B0695E59BCA0}.AppStore|iPhone.Build.0 = Debug|Any CPU
		{2D825DAB-0E3B-4EED-A607-B0695E59BCA0}.AppStore|iPhoneSimulator.ActiveCfg = Debug|Any CPU
		{2D825DAB-0E3B-4EED-A607-B0695E59BCA0}.AppStore|iPhoneSimulator.Build.0 = Debug|Any CPU
		{2D825DAB-0E3B-4EED-A607-B0695E59BCA0}.Debug|Any CPU.ActiveCfg = Debug|Any CPU
		{2D825DAB-0E3B-4EED-A607-B0695E59BCA0}.Debug|Any CPU.Build.0 = Debug|Any CPU
		{2D825DAB-0E3B-4EED-A607-B0695E59BCA0}.Debug|iPhone.ActiveCfg = Debug|Any CPU
		{2D825DAB-0E3B-4EED-A607-B0695E59BCA0}.Debug|iPhone.Build.0 = Debug|Any CPU
		{2D825DAB-0E3B-4EED-A607-B0695E59BCA0}.Debug|iPhoneSimulator.ActiveCfg = Debug|Any CPU
		{2D825DAB-0E3B-4EED-A607-B0695E59BCA0}.Debug|iPhoneSimulator.Build.0 = Debug|Any CPU
		{2D825DAB-0E3B-4EED-A607-B0695E59BCA0}.Release|Any CPU.ActiveCfg = Release|Any CPU
		{2D825DAB-0E3B-4EED-A607-B0695E59BCA0}.Release|Any CPU.Build.0 = Release|Any CPU
		{2D825DAB-0E3B-4EED-A607-B0695E59BCA0}.Release|iPhone.ActiveCfg = Release|Any CPU
		{2D825DAB-0E3B-4EED-A607-B0695E59BCA0}.Release|iPhone.Build.0 = Release|Any CPU
		{2D825DAB-0E3B-4EED-A607-B0695E59BCA0}.Release|iPhoneSimulator.ActiveCfg = Release|Any CPU
		{2D825DAB-0E3B-4EED-A607-B0695E59BCA0}.Release|iPhoneSimulator.Build.0 = Release|Any CPU
	EndGlobalSection
	GlobalSection(SolutionProperties) = preSolution
		HideSolutionNode = FALSE
	EndGlobalSection
	GlobalSection(ExtensibilityGlobals) = postSolution
		SolutionGuid = {0F58BAEA-DCEC-4CC4-9077-68CDB7C60AD1}
	EndGlobalSection
EndGlobal
