
Microsoft Visual Studio Solution File, Format Version 12.00
# Visual Studio Version 16
VisualStudioVersion = 16.0.30406.217
MinimumVisualStudioVersion = 10.0.40219.1
Project("{FAE04EC0-301F-11D3-BF4B-00C04F79EFBC}") = "NeonShooter.DesktopGL", "NeonShooter.DesktopGL\NeonShooter.DesktopGL.csproj", "{74BABA3E-D424-4620-9661-C1F767759A52}"
EndProject
Project("{FAE04EC0-301F-11D3-BF4B-00C04F79EFBC}") = "NeonShooter.Core", "NeonShooter.Core\NeonShooter.Core.csproj", "{64C2A1E6-09A1-4F46-8765-8B780C70122D}"
EndProject
Global
	GlobalSection(SolutionConfigurationPlatforms) = preSolution
		Debug|Any CPU = Debug|Any CPU
		Release|Any CPU = Release|Any CPU
	EndGlobalSection
	GlobalSection(ProjectConfigurationPlatforms) = postSolution
		{74BABA3E-D424-4620-9661-C1F767759A52}.Debug|Any CPU.ActiveCfg = Debug|Any CPU
		{74BABA3E-D424-4620-9661-C1F767759A52}.Debug|Any CPU.Build.0 = Debug|Any CPU
		{74BABA3E-D424-4620-9661-C1F767759A52}.Release|Any CPU.ActiveCfg = Release|Any CPU
		{74BABA3E-D424-4620-9661-C1F767759A52}.Release|Any CPU.Build.0 = Release|Any CPU
		{64C2A1E6-09A1-4F46-8765-8B780C70122D}.Debug|Any CPU.ActiveCfg = Debug|Any CPU
		{64C2A1E6-09A1-4F46-8765-8B780C70122D}.Debug|Any CPU.Build.0 = Debug|Any CPU
		{64C2A1E6-09A1-4F46-8765-8B780C70122D}.Release|Any CPU.ActiveCfg = Release|Any CPU
		{64C2A1E6-09A1-4F46-8765-8B780C70122D}.Release|Any CPU.Build.0 = Release|Any CPU
	EndGlobalSection
	GlobalSection(SolutionProperties) = preSolution
		HideSolutionNode = FALSE
	EndGlobalSection
	GlobalSection(ExtensibilityGlobals) = postSolution
		SolutionGuid = {F72D49A5-A441-4121-B119-98D295CA3697}
	EndGlobalSection
EndGlobal
