Microsoft Visual Studio Solution File, Format Version 12.00
# Visual Studio Version 17
VisualStudioVersion = 17.12.35527.113
MinimumVisualStudioVersion = 10.0.40219.1
Project("{2150E333-8FDC-42A3-9474-1A3956D46DE8}") = "Android", "Android", "{02EA681E-C7D8-13C7-8484-4AC65E1B71E8}"
EndProject
Project("{2150E333-8FDC-42A3-9474-1A3956D46DE8}") = "Desktop", "Desktop", "{F41D2716-129D-4EC8-AE6E-F943B40C3B50}"
EndProject
Project("{2150E333-8FDC-42A3-9474-1A3956D46DE8}") = "iOS", "iOS", "{E39A7690-A75F-4873-B309-6293D67EF585}"
EndProject
Project("{2150E333-8FDC-42A3-9474-1A3956D46DE8}") = "Windows", "Windows", "{04D47D8F-D289-43C4-AC78-4ACC2DC3A445}"
EndProject
Project("{FAE04EC0-301F-11D3-BF4B-00C04F79EFBC}") = "Core", "Core\Core.csproj", "{5ED06CAD-956C-C94D-BC0C-E89E30A887C2}"
EndProject
Project("{FAE04EC0-301F-11D3-BF4B-00C04F79EFBC}") = "NeonShooter", "Android\NeonShooter.csproj", "{39EB3D57-68D0-D764-096C-4F49688073AB}"
EndProject
Project("{FAE04EC0-301F-11D3-BF4B-00C04F79EFBC}") = "NeonShooter", "Desktop\NeonShooter.csproj", "{C8DD9624-5CAB-3A68-289C-E5BEAA2DCA4E}"
EndProject
Project("{FAE04EC0-301F-11D3-BF4B-00C04F79EFBC}") = "NeonShooter", "iOS\NeonShooter.csproj", "{7837C8D7-042E-FB4F-575C-C4DC0F20E2EF}"
EndProject
Project("{FAE04EC0-301F-11D3-BF4B-00C04F79EFBC}") = "NeonShooter", "Windows\NeonShooter.csproj", "{98B29E0C-E249-BC1E-6443-4EA7F5575CE8}"
EndProject
Global
	GlobalSection(SolutionConfigurationPlatforms) = preSolution
		Debug|Any CPU = Debug|Any CPU
		Release|Any CPU = Release|Any CPU
	EndGlobalSection
	GlobalSection(ProjectConfigurationPlatforms) = postSolution
		{5ED06CAD-956C-C94D-BC0C-E89E30A887C2}.Debug|Any CPU.ActiveCfg = Debug|Any CPU
		{5ED06CAD-956C-C94D-BC0C-E89E30A887C2}.Debug|Any CPU.Build.0 = Debug|Any CPU
		{5ED06CAD-956C-C94D-BC0C-E89E30A887C2}.Release|Any CPU.ActiveCfg = Release|Any CPU
		{5ED06CAD-956C-C94D-BC0C-E89E30A887C2}.Release|Any CPU.Build.0 = Release|Any CPU
		{39EB3D57-68D0-D764-096C-4F49688073AB}.Debug|Any CPU.ActiveCfg = Debug|Any CPU
		{39EB3D57-68D0-D764-096C-4F49688073AB}.Debug|Any CPU.Build.0 = Debug|Any CPU
		{39EB3D57-68D0-D764-096C-4F49688073AB}.Debug|Any CPU.Deploy.0 = Debug|Any CPU
		{39EB3D57-68D0-D764-096C-4F49688073AB}.Release|Any CPU.ActiveCfg = Release|Any CPU
		{39EB3D57-68D0-D764-096C-4F49688073AB}.Release|Any CPU.Build.0 = Release|Any CPU
		{39EB3D57-68D0-D764-096C-4F49688073AB}.Release|Any CPU.Deploy.0 = Release|Any CPU
		{C8DD9624-5CAB-3A68-289C-E5BEAA2DCA4E}.Debug|Any CPU.ActiveCfg = Debug|Any CPU
		{C8DD9624-5CAB-3A68-289C-E5BEAA2DCA4E}.Debug|Any CPU.Build.0 = Debug|Any CPU
		{C8DD9624-5CAB-3A68-289C-E5BEAA2DCA4E}.Release|Any CPU.ActiveCfg = Release|Any CPU
		{C8DD9624-5CAB-3A68-289C-E5BEAA2DCA4E}.Release|Any CPU.Build.0 = Release|Any CPU
		{7837C8D7-042E-FB4F-575C-C4DC0F20E2EF}.Debug|Any CPU.ActiveCfg = Debug|Any CPU
		{7837C8D7-042E-FB4F-575C-C4DC0F20E2EF}.Debug|Any CPU.Build.0 = Debug|Any CPU
		{7837C8D7-042E-FB4F-575C-C4DC0F20E2EF}.Debug|Any CPU.Deploy.0 = Debug|Any CPU
		{7837C8D7-042E-FB4F-575C-C4DC0F20E2EF}.Release|Any CPU.ActiveCfg = Release|Any CPU
		{7837C8D7-042E-FB4F-575C-C4DC0F20E2EF}.Release|Any CPU.Build.0 = Release|Any CPU
		{7837C8D7-042E-FB4F-575C-C4DC0F20E2EF}.Release|Any CPU.Deploy.0 = Release|Any CPU
		{98B29E0C-E249-BC1E-6443-4EA7F5575CE8}.Debug|Any CPU.ActiveCfg = Debug|Any CPU
		{98B29E0C-E249-BC1E-6443-4EA7F5575CE8}.Debug|Any CPU.Build.0 = Debug|Any CPU
		{98B29E0C-E249-BC1E-6443-4EA7F5575CE8}.Release|Any CPU.ActiveCfg = Release|Any CPU
		{98B29E0C-E249-BC1E-6443-4EA7F5575CE8}.Release|Any CPU.Build.0 = Release|Any CPU
	EndGlobalSection
	GlobalSection(SolutionProperties) = preSolution
		HideSolutionNode = FALSE
	EndGlobalSection
	GlobalSection(NestedProjects) = preSolution
		{39EB3D57-68D0-D764-096C-4F49688073AB} = {02EA681E-C7D8-13C7-8484-4AC65E1B71E8}
		{C8DD9624-5CAB-3A68-289C-E5BEAA2DCA4E} = {F41D2716-129D-4EC8-AE6E-F943B40C3B50}
		{7837C8D7-042E-FB4F-575C-C4DC0F20E2EF} = {E39A7690-A75F-4873-B309-6293D67EF585}
		{98B29E0C-E249-BC1E-6443-4EA7F5575CE8} = {04D47D8F-D289-43C4-AC78-4ACC2DC3A445}
	EndGlobalSection
	GlobalSection(ExtensibilityGlobals) = postSolution
		SolutionGuid = {F72D49A5-A441-4121-B119-98D295CA3697}
	EndGlobalSection
EndGlobal
