Microsoft Visual Studio Solution File, Format Version 12.00
# Visual Studio Version 17
VisualStudioVersion = 17.5.2.0
MinimumVisualStudioVersion = 10.0.40219.1
Project("{FAE04EC0-301F-11D3-BF4B-00C04F79EFBC}") = "DungeonSlime.WindowsDX", "Platforms\Windows\DungeonSlime.WindowsDX.csproj", "{3DC6288C-3FD4-4C67-BCFC-F27C4CA9C809}"
EndProject
Project("{FAE04EC0-301F-11D3-BF4B-00C04F79EFBC}") = "DungeonSlime", "Platforms\Desktop\DungeonSlime.csproj", "{5CE56A0D-2362-4BF2-9A05-91542AA0D8BD}"
EndProject
Project("{FAE04EC0-301F-11D3-BF4B-00C04F79EFBC}") = "DungeonSlime", "Platforms\Android\DungeonSlime.csproj", "{D92C079F-906C-435B-8E6F-AB12B89C8484}"
EndProject
Global
	GlobalSection(SolutionConfigurationPlatforms) = preSolution
		Debug|Any CPU = Debug|Any CPU
		Release|Any CPU = Release|Any CPU
	EndGlobalSection
	GlobalSection(ProjectConfigurationPlatforms) = postSolution
		{3DC6288C-3FD4-4C67-BCFC-F27C4CA9C809}.Debug|Any CPU.ActiveCfg = Debug|Any CPU
		{3DC6288C-3FD4-4C67-BCFC-F27C4CA9C809}.Debug|Any CPU.Build.0 = Debug|Any CPU
		{3DC6288C-3FD4-4C67-BCFC-F27C4CA9C809}.Release|Any CPU.ActiveCfg = Release|Any CPU
		{3DC6288C-3FD4-4C67-BCFC-F27C4CA9C809}.Release|Any CPU.Build.0 = Release|Any CPU
		{5CE56A0D-2362-4BF2-9A05-91542AA0D8BD}.Debug|Any CPU.ActiveCfg = Debug|Any CPU
		{5CE56A0D-2362-4BF2-9A05-91542AA0D8BD}.Debug|Any CPU.Build.0 = Debug|Any CPU
		{5CE56A0D-2362-4BF2-9A05-91542AA0D8BD}.Release|Any CPU.ActiveCfg = Release|Any CPU
		{5CE56A0D-2362-4BF2-9A05-91542AA0D8BD}.Release|Any CPU.Build.0 = Release|Any CPU
		{D92C079F-906C-435B-8E6F-AB12B89C8484}.Debug|Any CPU.ActiveCfg = Debug|Any CPU
		{D92C079F-906C-435B-8E6F-AB12B89C8484}.Debug|Any CPU.Build.0 = Debug|Any CPU
		{D92C079F-906C-435B-8E6F-AB12B89C8484}.Release|Any CPU.ActiveCfg = Release|Any CPU
		{D92C079F-906C-435B-8E6F-AB12B89C8484}.Release|Any CPU.Build.0 = Release|Any CPU
	EndGlobalSection
	GlobalSection(SolutionProperties) = preSolution
		HideSolutionNode = FALSE
	EndGlobalSection
	GlobalSection(ExtensibilityGlobals) = postSolution
		SolutionGuid = {55D2DB4C-A097-4C86-BE97-D35FADB18372}
	EndGlobalSection
EndGlobal
