Microsoft Visual Studio Solution File, Format Version 12.00
# Visual Studio Version 17
VisualStudioVersion = 17.5.2.0
MinimumVisualStudioVersion = 10.0.40219.1
Project("{FAE04EC0-301F-11D3-BF4B-00C04F79EFBC}") = "ShipGame.WindowsDX", "ShipGame.WindowsDX.csproj", "{D21C7DFA-876E-68F5-2D60-BD5325767524}"
EndProject
Global
	GlobalSection(SolutionConfigurationPlatforms) = preSolution
		Debug|Any CPU = Debug|Any CPU
		Release|Any CPU = Release|Any CPU
	EndGlobalSection
	GlobalSection(ProjectConfigurationPlatforms) = postSolution
		{D21C7DFA-876E-68F5-2D60-BD5325767524}.Debug|Any CPU.ActiveCfg = Debug|Any CPU
		{D21C7DFA-876E-68F5-2D60-BD5325767524}.Debug|Any CPU.Build.0 = Debug|Any CPU
		{D21C7DFA-876E-68F5-2D60-BD5325767524}.Release|Any CPU.ActiveCfg = Release|Any CPU
		{D21C7DFA-876E-68F5-2D60-BD5325767524}.Release|Any CPU.Build.0 = Release|Any CPU
	EndGlobalSection
	GlobalSection(SolutionProperties) = preSolution
		HideSolutionNode = FALSE
	EndGlobalSection
	GlobalSection(ExtensibilityGlobals) = postSolution
		SolutionGuid = {F5446651-0B42-4612-BD34-947B092CCFC6}
	EndGlobalSection
EndGlobal
